// !$*UTF8*$!
{
	archiveVersion = 1;
	classes = {
	};
	objectVersion = 50;
	objects = {

/* Begin PBXBuildFile section */
		139B5DDBFF756502E9D8051B /* Pods_IAMGROOT.framework in Frameworks */ = {isa = PBXBuildFile; fileRef = 6675C867C49AEE1A217A94D2 /* Pods_IAMGROOT.framework */; };
		BF1DEAB6217C738F00EB818B /* MainViewController.storyboard in Resources */ = {isa = PBXBuildFile; fileRef = BF1DEAB5217C738F00EB818B /* MainViewController.storyboard */; };
		BF1DEAB8217C73A600EB818B /* MainViewController.swift in Sources */ = {isa = PBXBuildFile; fileRef = BF1DEAB7217C73A600EB818B /* MainViewController.swift */; };
		BF1DEABA217ED69400EB818B /* MainTabBarController.swift in Sources */ = {isa = PBXBuildFile; fileRef = BF1DEAB9217ED69400EB818B /* MainTabBarController.swift */; };
		BF1DEABD217F339B00EB818B /* User.swift in Sources */ = {isa = PBXBuildFile; fileRef = BF1DEABC217F339B00EB818B /* User.swift */; };
		BF5FAD132196C461001397EF /* Pissjar Sans.ttf in Resources */ = {isa = PBXBuildFile; fileRef = BF5FAD122196C450001397EF /* Pissjar Sans.ttf */; };
		BF808350219462DB00A81B1E /* FBLoginConnectPageViewController.storyboard in Resources */ = {isa = PBXBuildFile; fileRef = BFDD097021786698009728C0 /* FBLoginConnectPageViewController.storyboard */; };
		BF8083562195718A00A81B1E /* Bolts.framework in Frameworks */ = {isa = PBXBuildFile; fileRef = BF8083552195718A00A81B1E /* Bolts.framework */; };
		BF8083582195718A00A81B1E /* FBSDKCoreKit.framework in Frameworks */ = {isa = PBXBuildFile; fileRef = BF8083572195718A00A81B1E /* FBSDKCoreKit.framework */; };
		BF80835A2195718A00A81B1E /* FBSDKLoginKit.framework in Frameworks */ = {isa = PBXBuildFile; fileRef = BF8083592195718A00A81B1E /* FBSDKLoginKit.framework */; };
		BF80835C2195718A00A81B1E /* FirebaseAuth.framework in Frameworks */ = {isa = PBXBuildFile; fileRef = BF80835B2195718A00A81B1E /* FirebaseAuth.framework */; };
		BF80835E2195718A00A81B1E /* FirebaseCore.framework in Frameworks */ = {isa = PBXBuildFile; fileRef = BF80835D2195718A00A81B1E /* FirebaseCore.framework */; };
		BF8083602195718A00A81B1E /* FirebaseDatabase.framework in Frameworks */ = {isa = PBXBuildFile; fileRef = BF80835F2195718A00A81B1E /* FirebaseDatabase.framework */; };
		BF8083622195718A00A81B1E /* FirebaseFirestore.framework in Frameworks */ = {isa = PBXBuildFile; fileRef = BF8083612195718A00A81B1E /* FirebaseFirestore.framework */; };
		BF8083642195718A00A81B1E /* FirebaseStorage.framework in Frameworks */ = {isa = PBXBuildFile; fileRef = BF8083632195718A00A81B1E /* FirebaseStorage.framework */; };
		BF8083662195718A00A81B1E /* FirebaseUI.framework in Frameworks */ = {isa = PBXBuildFile; fileRef = BF8083652195718A00A81B1E /* FirebaseUI.framework */; };
		BF8083682195718A00A81B1E /* GoogleToolboxForMac.framework in Frameworks */ = {isa = PBXBuildFile; fileRef = BF8083672195718A00A81B1E /* GoogleToolboxForMac.framework */; };
		BF80836A2195718A00A81B1E /* GoogleUtilities.framework in Frameworks */ = {isa = PBXBuildFile; fileRef = BF8083692195718A00A81B1E /* GoogleUtilities.framework */; };
		BF80836C2195718A00A81B1E /* grpc.framework in Frameworks */ = {isa = PBXBuildFile; fileRef = BF80836B2195718A00A81B1E /* grpc.framework */; };
		BF80836E2195718A00A81B1E /* GRPCClient.framework in Frameworks */ = {isa = PBXBuildFile; fileRef = BF80836D2195718A00A81B1E /* GRPCClient.framework */; };
		BF8083702195718A00A81B1E /* grpcpp.framework in Frameworks */ = {isa = PBXBuildFile; fileRef = BF80836F2195718A00A81B1E /* grpcpp.framework */; };
		BF8083722195718A00A81B1E /* GTMOAuth2.framework in Frameworks */ = {isa = PBXBuildFile; fileRef = BF8083712195718A00A81B1E /* GTMOAuth2.framework */; };
		BF8083742195718A00A81B1E /* GTMSessionFetcher.framework in Frameworks */ = {isa = PBXBuildFile; fileRef = BF8083732195718A00A81B1E /* GTMSessionFetcher.framework */; };
		BF8083762195718A00A81B1E /* leveldb.framework in Frameworks */ = {isa = PBXBuildFile; fileRef = BF8083752195718A00A81B1E /* leveldb.framework */; };
		BF8083782195718A00A81B1E /* nanopb.framework in Frameworks */ = {isa = PBXBuildFile; fileRef = BF8083772195718A00A81B1E /* nanopb.framework */; };
		BF80837A2195718A00A81B1E /* openssl.framework in Frameworks */ = {isa = PBXBuildFile; fileRef = BF8083792195718A00A81B1E /* openssl.framework */; };
		BF80837C2195718A00A81B1E /* Protobuf.framework in Frameworks */ = {isa = PBXBuildFile; fileRef = BF80837B2195718A00A81B1E /* Protobuf.framework */; };
		BF80837E2195718A00A81B1E /* ProtoRPC.framework in Frameworks */ = {isa = PBXBuildFile; fileRef = BF80837D2195718A00A81B1E /* ProtoRPC.framework */; };
		BF8083802195718A00A81B1E /* RxLibrary.framework in Frameworks */ = {isa = PBXBuildFile; fileRef = BF80837F2195718A00A81B1E /* RxLibrary.framework */; };
		BF8083822195718A00A81B1E /* SDWebImage.framework in Frameworks */ = {isa = PBXBuildFile; fileRef = BF8083812195718A00A81B1E /* SDWebImage.framework */; };
		BF8083842195788000A81B1E /* MainPrivateViewController.swift in Sources */ = {isa = PBXBuildFile; fileRef = BF8083832195788000A81B1E /* MainPrivateViewController.swift */; };
		BF8083872196B67800A81B1E /* RoundedImageView.swift in Sources */ = {isa = PBXBuildFile; fileRef = BF8083862196B67800A81B1E /* RoundedImageView.swift */; };
		BFD0B1DB2174DDBE002B94D1 /* AppDelegate.swift in Sources */ = {isa = PBXBuildFile; fileRef = BFD0B1DA2174DDBE002B94D1 /* AppDelegate.swift */; };
		BFD0B1DD2174DDBE002B94D1 /* ViewController.swift in Sources */ = {isa = PBXBuildFile; fileRef = BFD0B1DC2174DDBE002B94D1 /* ViewController.swift */; };
		BFD0B1E02174DDBE002B94D1 /* Main.storyboard in Resources */ = {isa = PBXBuildFile; fileRef = BFD0B1DE2174DDBE002B94D1 /* Main.storyboard */; };
		BFD0B1E32174DDBE002B94D1 /* IAMGROOT.xcdatamodeld in Sources */ = {isa = PBXBuildFile; fileRef = BFD0B1E12174DDBE002B94D1 /* IAMGROOT.xcdatamodeld */; };
		BFD0B1E52174DDC2002B94D1 /* Assets.xcassets in Resources */ = {isa = PBXBuildFile; fileRef = BFD0B1E42174DDC2002B94D1 /* Assets.xcassets */; };
		BFD0B1E82174DDC2002B94D1 /* LaunchScreen.storyboard in Resources */ = {isa = PBXBuildFile; fileRef = BFD0B1E62174DDC2002B94D1 /* LaunchScreen.storyboard */; };
		BFD0B1F32174DDC2002B94D1 /* IAMGROOTTests.swift in Sources */ = {isa = PBXBuildFile; fileRef = BFD0B1F22174DDC2002B94D1 /* IAMGROOTTests.swift */; };
		BFD0B1FE2174DDC2002B94D1 /* IAMGROOTUITests.swift in Sources */ = {isa = PBXBuildFile; fileRef = BFD0B1FD2174DDC2002B94D1 /* IAMGROOTUITests.swift */; };
		BFD0B20F21758E76002B94D1 /* FBLoginConnectPageViewController.swift in Sources */ = {isa = PBXBuildFile; fileRef = BFD0B20E21758E76002B94D1 /* FBLoginConnectPageViewController.swift */; };
		BFD0B2112175A736002B94D1 /* GoogleService-Info.plist in Resources */ = {isa = PBXBuildFile; fileRef = BFD0B2102175A736002B94D1 /* GoogleService-Info.plist */; };
		BFD0B2122175A736002B94D1 /* GoogleService-Info.plist in Resources */ = {isa = PBXBuildFile; fileRef = BFD0B2102175A736002B94D1 /* GoogleService-Info.plist */; };
		BFD0B2132175A736002B94D1 /* GoogleService-Info.plist in Resources */ = {isa = PBXBuildFile; fileRef = BFD0B2102175A736002B94D1 /* GoogleService-Info.plist */; };
/* End PBXBuildFile section */

/* Begin PBXContainerItemProxy section */
		BFD0B1EF2174DDC2002B94D1 /* PBXContainerItemProxy */ = {
			isa = PBXContainerItemProxy;
			containerPortal = BFD0B1CF2174DDBD002B94D1 /* Project object */;
			proxyType = 1;
			remoteGlobalIDString = BFD0B1D62174DDBD002B94D1;
			remoteInfo = IAMGROOT;
		};
		BFD0B1FA2174DDC2002B94D1 /* PBXContainerItemProxy */ = {
			isa = PBXContainerItemProxy;
			containerPortal = BFD0B1CF2174DDBD002B94D1 /* Project object */;
			proxyType = 1;
			remoteGlobalIDString = BFD0B1D62174DDBD002B94D1;
			remoteInfo = IAMGROOT;
		};
/* End PBXContainerItemProxy section */

/* Begin PBXFileReference section */
		450B95E1968B62644A6501F2 /* Pods-IAMGROOT.release.xcconfig */ = {isa = PBXFileReference; includeInIndex = 1; lastKnownFileType = text.xcconfig; name = "Pods-IAMGROOT.release.xcconfig"; path = "Pods/Target Support Files/Pods-IAMGROOT/Pods-IAMGROOT.release.xcconfig"; sourceTree = "<group>"; };
		6675C867C49AEE1A217A94D2 /* Pods_IAMGROOT.framework */ = {isa = PBXFileReference; explicitFileType = wrapper.framework; includeInIndex = 0; path = Pods_IAMGROOT.framework; sourceTree = BUILT_PRODUCTS_DIR; };
		97DFE37831A87245F6D4C3AC /* Pods-IAMGROOT.debug.xcconfig */ = {isa = PBXFileReference; includeInIndex = 1; lastKnownFileType = text.xcconfig; name = "Pods-IAMGROOT.debug.xcconfig"; path = "Pods/Target Support Files/Pods-IAMGROOT/Pods-IAMGROOT.debug.xcconfig"; sourceTree = "<group>"; };
		BF1DEAB5217C738F00EB818B /* MainViewController.storyboard */ = {isa = PBXFileReference; lastKnownFileType = file.storyboard; path = MainViewController.storyboard; sourceTree = "<group>"; };
		BF1DEAB7217C73A600EB818B /* MainViewController.swift */ = {isa = PBXFileReference; lastKnownFileType = sourcecode.swift; path = MainViewController.swift; sourceTree = "<group>"; };
		BF1DEAB9217ED69400EB818B /* MainTabBarController.swift */ = {isa = PBXFileReference; lastKnownFileType = sourcecode.swift; path = MainTabBarController.swift; sourceTree = "<group>"; };
		BF1DEABC217F339B00EB818B /* User.swift */ = {isa = PBXFileReference; lastKnownFileType = sourcecode.swift; path = User.swift; sourceTree = "<group>"; };
		BF5FAD122196C450001397EF /* Pissjar Sans.ttf */ = {isa = PBXFileReference; lastKnownFileType = file; path = "Pissjar Sans.ttf"; sourceTree = "<group>"; };
		BF8083552195718A00A81B1E /* Bolts.framework */ = {isa = PBXFileReference; explicitFileType = wrapper.framework; path = Bolts.framework; sourceTree = BUILT_PRODUCTS_DIR; };
		BF8083572195718A00A81B1E /* FBSDKCoreKit.framework */ = {isa = PBXFileReference; explicitFileType = wrapper.framework; path = FBSDKCoreKit.framework; sourceTree = BUILT_PRODUCTS_DIR; };
		BF8083592195718A00A81B1E /* FBSDKLoginKit.framework */ = {isa = PBXFileReference; explicitFileType = wrapper.framework; path = FBSDKLoginKit.framework; sourceTree = BUILT_PRODUCTS_DIR; };
		BF80835B2195718A00A81B1E /* FirebaseAuth.framework */ = {isa = PBXFileReference; explicitFileType = wrapper.framework; path = FirebaseAuth.framework; sourceTree = BUILT_PRODUCTS_DIR; };
		BF80835D2195718A00A81B1E /* FirebaseCore.framework */ = {isa = PBXFileReference; explicitFileType = wrapper.framework; path = FirebaseCore.framework; sourceTree = BUILT_PRODUCTS_DIR; };
		BF80835F2195718A00A81B1E /* FirebaseDatabase.framework */ = {isa = PBXFileReference; explicitFileType = wrapper.framework; path = FirebaseDatabase.framework; sourceTree = BUILT_PRODUCTS_DIR; };
		BF8083612195718A00A81B1E /* FirebaseFirestore.framework */ = {isa = PBXFileReference; explicitFileType = wrapper.framework; path = FirebaseFirestore.framework; sourceTree = BUILT_PRODUCTS_DIR; };
		BF8083632195718A00A81B1E /* FirebaseStorage.framework */ = {isa = PBXFileReference; explicitFileType = wrapper.framework; path = FirebaseStorage.framework; sourceTree = BUILT_PRODUCTS_DIR; };
		BF8083652195718A00A81B1E /* FirebaseUI.framework */ = {isa = PBXFileReference; explicitFileType = wrapper.framework; path = FirebaseUI.framework; sourceTree = BUILT_PRODUCTS_DIR; };
		BF8083672195718A00A81B1E /* GoogleToolboxForMac.framework */ = {isa = PBXFileReference; explicitFileType = wrapper.framework; path = GoogleToolboxForMac.framework; sourceTree = BUILT_PRODUCTS_DIR; };
		BF8083692195718A00A81B1E /* GoogleUtilities.framework */ = {isa = PBXFileReference; explicitFileType = wrapper.framework; path = GoogleUtilities.framework; sourceTree = BUILT_PRODUCTS_DIR; };
		BF80836B2195718A00A81B1E /* grpc.framework */ = {isa = PBXFileReference; explicitFileType = wrapper.framework; path = grpc.framework; sourceTree = BUILT_PRODUCTS_DIR; };
		BF80836D2195718A00A81B1E /* GRPCClient.framework */ = {isa = PBXFileReference; explicitFileType = wrapper.framework; path = GRPCClient.framework; sourceTree = BUILT_PRODUCTS_DIR; };
		BF80836F2195718A00A81B1E /* grpcpp.framework */ = {isa = PBXFileReference; explicitFileType = wrapper.framework; path = grpcpp.framework; sourceTree = BUILT_PRODUCTS_DIR; };
		BF8083712195718A00A81B1E /* GTMOAuth2.framework */ = {isa = PBXFileReference; explicitFileType = wrapper.framework; path = GTMOAuth2.framework; sourceTree = BUILT_PRODUCTS_DIR; };
		BF8083732195718A00A81B1E /* GTMSessionFetcher.framework */ = {isa = PBXFileReference; explicitFileType = wrapper.framework; path = GTMSessionFetcher.framework; sourceTree = BUILT_PRODUCTS_DIR; };
		BF8083752195718A00A81B1E /* leveldb.framework */ = {isa = PBXFileReference; explicitFileType = wrapper.framework; path = leveldb.framework; sourceTree = BUILT_PRODUCTS_DIR; };
		BF8083772195718A00A81B1E /* nanopb.framework */ = {isa = PBXFileReference; explicitFileType = wrapper.framework; path = nanopb.framework; sourceTree = BUILT_PRODUCTS_DIR; };
		BF8083792195718A00A81B1E /* openssl.framework */ = {isa = PBXFileReference; explicitFileType = wrapper.framework; path = openssl.framework; sourceTree = BUILT_PRODUCTS_DIR; };
		BF80837B2195718A00A81B1E /* Protobuf.framework */ = {isa = PBXFileReference; explicitFileType = wrapper.framework; path = Protobuf.framework; sourceTree = BUILT_PRODUCTS_DIR; };
		BF80837D2195718A00A81B1E /* ProtoRPC.framework */ = {isa = PBXFileReference; explicitFileType = wrapper.framework; path = ProtoRPC.framework; sourceTree = BUILT_PRODUCTS_DIR; };
		BF80837F2195718A00A81B1E /* RxLibrary.framework */ = {isa = PBXFileReference; explicitFileType = wrapper.framework; path = RxLibrary.framework; sourceTree = BUILT_PRODUCTS_DIR; };
		BF8083812195718A00A81B1E /* SDWebImage.framework */ = {isa = PBXFileReference; explicitFileType = wrapper.framework; path = SDWebImage.framework; sourceTree = BUILT_PRODUCTS_DIR; };
		BF8083832195788000A81B1E /* MainPrivateViewController.swift */ = {isa = PBXFileReference; lastKnownFileType = sourcecode.swift; path = MainPrivateViewController.swift; sourceTree = "<group>"; };
		BF8083862196B67800A81B1E /* RoundedImageView.swift */ = {isa = PBXFileReference; lastKnownFileType = sourcecode.swift; path = RoundedImageView.swift; sourceTree = "<group>"; };
		BFD0B1D72174DDBD002B94D1 /* IAMGROOT.app */ = {isa = PBXFileReference; explicitFileType = wrapper.application; includeInIndex = 0; path = IAMGROOT.app; sourceTree = BUILT_PRODUCTS_DIR; };
		BFD0B1DA2174DDBE002B94D1 /* AppDelegate.swift */ = {isa = PBXFileReference; lastKnownFileType = sourcecode.swift; path = AppDelegate.swift; sourceTree = "<group>"; };
		BFD0B1DC2174DDBE002B94D1 /* ViewController.swift */ = {isa = PBXFileReference; lastKnownFileType = sourcecode.swift; path = ViewController.swift; sourceTree = "<group>"; };
		BFD0B1DF2174DDBE002B94D1 /* Base */ = {isa = PBXFileReference; lastKnownFileType = file.storyboard; name = Base; path = Base.lproj/Main.storyboard; sourceTree = "<group>"; };
		BFD0B1E22174DDBE002B94D1 /* IAMGROOT.xcdatamodel */ = {isa = PBXFileReference; lastKnownFileType = wrapper.xcdatamodel; path = IAMGROOT.xcdatamodel; sourceTree = "<group>"; };
		BFD0B1E42174DDC2002B94D1 /* Assets.xcassets */ = {isa = PBXFileReference; lastKnownFileType = folder.assetcatalog; path = Assets.xcassets; sourceTree = "<group>"; };
		BFD0B1E72174DDC2002B94D1 /* Base */ = {isa = PBXFileReference; lastKnownFileType = file.storyboard; name = Base; path = Base.lproj/LaunchScreen.storyboard; sourceTree = "<group>"; };
		BFD0B1E92174DDC2002B94D1 /* Info.plist */ = {isa = PBXFileReference; lastKnownFileType = text.plist.xml; path = Info.plist; sourceTree = "<group>"; };
		BFD0B1EE2174DDC2002B94D1 /* IAMGROOTTests.xctest */ = {isa = PBXFileReference; explicitFileType = wrapper.cfbundle; includeInIndex = 0; path = IAMGROOTTests.xctest; sourceTree = BUILT_PRODUCTS_DIR; };
		BFD0B1F22174DDC2002B94D1 /* IAMGROOTTests.swift */ = {isa = PBXFileReference; lastKnownFileType = sourcecode.swift; path = IAMGROOTTests.swift; sourceTree = "<group>"; };
		BFD0B1F42174DDC2002B94D1 /* Info.plist */ = {isa = PBXFileReference; lastKnownFileType = text.plist.xml; path = Info.plist; sourceTree = "<group>"; };
		BFD0B1F92174DDC2002B94D1 /* IAMGROOTUITests.xctest */ = {isa = PBXFileReference; explicitFileType = wrapper.cfbundle; includeInIndex = 0; path = IAMGROOTUITests.xctest; sourceTree = BUILT_PRODUCTS_DIR; };
		BFD0B1FD2174DDC2002B94D1 /* IAMGROOTUITests.swift */ = {isa = PBXFileReference; lastKnownFileType = sourcecode.swift; path = IAMGROOTUITests.swift; sourceTree = "<group>"; };
		BFD0B1FF2174DDC2002B94D1 /* Info.plist */ = {isa = PBXFileReference; lastKnownFileType = text.plist.xml; path = Info.plist; sourceTree = "<group>"; };
		BFD0B20E21758E76002B94D1 /* FBLoginConnectPageViewController.swift */ = {isa = PBXFileReference; lastKnownFileType = sourcecode.swift; path = FBLoginConnectPageViewController.swift; sourceTree = "<group>"; };
		BFD0B2102175A736002B94D1 /* GoogleService-Info.plist */ = {isa = PBXFileReference; fileEncoding = 4; lastKnownFileType = text.plist.xml; path = "GoogleService-Info.plist"; sourceTree = "<group>"; };
		BFDD096C2175B0D3009728C0 /* FirebaseCore.framework */ = {isa = PBXFileReference; explicitFileType = wrapper.framework; path = FirebaseCore.framework; sourceTree = BUILT_PRODUCTS_DIR; };
		BFDD096E2175B0DC009728C0 /* FirebaseDatabase.framework */ = {isa = PBXFileReference; explicitFileType = wrapper.framework; path = FirebaseDatabase.framework; sourceTree = BUILT_PRODUCTS_DIR; };
		BFDD097021786698009728C0 /* FBLoginConnectPageViewController.storyboard */ = {isa = PBXFileReference; lastKnownFileType = file.storyboard; path = FBLoginConnectPageViewController.storyboard; sourceTree = "<group>"; };
		BFDD097221786704009728C0 /* Bolts.framework */ = {isa = PBXFileReference; explicitFileType = wrapper.framework; path = Bolts.framework; sourceTree = BUILT_PRODUCTS_DIR; };
		BFDD097421786704009728C0 /* FBSDKCoreKit.framework */ = {isa = PBXFileReference; explicitFileType = wrapper.framework; path = FBSDKCoreKit.framework; sourceTree = BUILT_PRODUCTS_DIR; };
		BFDD097621786704009728C0 /* FBSDKLoginKit.framework */ = {isa = PBXFileReference; explicitFileType = wrapper.framework; path = FBSDKLoginKit.framework; sourceTree = BUILT_PRODUCTS_DIR; };
		BFDD097821786704009728C0 /* FirebaseAuth.framework */ = {isa = PBXFileReference; explicitFileType = wrapper.framework; path = FirebaseAuth.framework; sourceTree = BUILT_PRODUCTS_DIR; };
		BFDD097A21786704009728C0 /* FirebaseFirestore.framework */ = {isa = PBXFileReference; explicitFileType = wrapper.framework; path = FirebaseFirestore.framework; sourceTree = BUILT_PRODUCTS_DIR; };
		BFDD097C21786704009728C0 /* FirebaseStorage.framework */ = {isa = PBXFileReference; explicitFileType = wrapper.framework; path = FirebaseStorage.framework; sourceTree = BUILT_PRODUCTS_DIR; };
		BFDD097E21786704009728C0 /* FirebaseUI.framework */ = {isa = PBXFileReference; explicitFileType = wrapper.framework; path = FirebaseUI.framework; sourceTree = BUILT_PRODUCTS_DIR; };
		BFDD098021786704009728C0 /* GoogleToolboxForMac.framework */ = {isa = PBXFileReference; explicitFileType = wrapper.framework; path = GoogleToolboxForMac.framework; sourceTree = BUILT_PRODUCTS_DIR; };
		BFDD098221786704009728C0 /* GoogleUtilities.framework */ = {isa = PBXFileReference; explicitFileType = wrapper.framework; path = GoogleUtilities.framework; sourceTree = BUILT_PRODUCTS_DIR; };
		BFDD098421786704009728C0 /* grpc.framework */ = {isa = PBXFileReference; explicitFileType = wrapper.framework; path = grpc.framework; sourceTree = BUILT_PRODUCTS_DIR; };
		BFDD098621786704009728C0 /* GRPCClient.framework */ = {isa = PBXFileReference; explicitFileType = wrapper.framework; path = GRPCClient.framework; sourceTree = BUILT_PRODUCTS_DIR; };
		BFDD098821786704009728C0 /* grpcpp.framework */ = {isa = PBXFileReference; explicitFileType = wrapper.framework; path = grpcpp.framework; sourceTree = BUILT_PRODUCTS_DIR; };
		BFDD098A21786704009728C0 /* GTMOAuth2.framework */ = {isa = PBXFileReference; explicitFileType = wrapper.framework; path = GTMOAuth2.framework; sourceTree = BUILT_PRODUCTS_DIR; };
		BFDD098C21786704009728C0 /* GTMSessionFetcher.framework */ = {isa = PBXFileReference; explicitFileType = wrapper.framework; path = GTMSessionFetcher.framework; sourceTree = BUILT_PRODUCTS_DIR; };
		BFDD098E21786704009728C0 /* leveldb.framework */ = {isa = PBXFileReference; explicitFileType = wrapper.framework; path = leveldb.framework; sourceTree = BUILT_PRODUCTS_DIR; };
		BFDD099021786704009728C0 /* nanopb.framework */ = {isa = PBXFileReference; explicitFileType = wrapper.framework; path = nanopb.framework; sourceTree = BUILT_PRODUCTS_DIR; };
		BFDD099221786704009728C0 /* openssl.framework */ = {isa = PBXFileReference; explicitFileType = wrapper.framework; path = openssl.framework; sourceTree = BUILT_PRODUCTS_DIR; };
		BFDD099421786704009728C0 /* Protobuf.framework */ = {isa = PBXFileReference; explicitFileType = wrapper.framework; path = Protobuf.framework; sourceTree = BUILT_PRODUCTS_DIR; };
		BFDD099621786704009728C0 /* ProtoRPC.framework */ = {isa = PBXFileReference; explicitFileType = wrapper.framework; path = ProtoRPC.framework; sourceTree = BUILT_PRODUCTS_DIR; };
		BFDD099821786704009728C0 /* RxLibrary.framework */ = {isa = PBXFileReference; explicitFileType = wrapper.framework; path = RxLibrary.framework; sourceTree = BUILT_PRODUCTS_DIR; };
		BFDD099A21786704009728C0 /* SDWebImage.framework */ = {isa = PBXFileReference; explicitFileType = wrapper.framework; path = SDWebImage.framework; sourceTree = BUILT_PRODUCTS_DIR; };
		BFDD099C21789EBC009728C0 /* Accelerate.framework */ = {isa = PBXFileReference; lastKnownFileType = wrapper.framework; name = Accelerate.framework; path = System/Library/Frameworks/Accelerate.framework; sourceTree = SDKROOT; };
		BFDD099E21789ECD009728C0 /* ARKit.framework */ = {isa = PBXFileReference; lastKnownFileType = wrapper.framework; name = ARKit.framework; path = System/Library/Frameworks/ARKit.framework; sourceTree = SDKROOT; };
		BFDD099F21789ECD009728C0 /* Intents.framework */ = {isa = PBXFileReference; lastKnownFileType = wrapper.framework; name = Intents.framework; path = System/Library/Frameworks/Intents.framework; sourceTree = SDKROOT; };
		BFDD09A021789ECD009728C0 /* ExternalAccessory.framework */ = {isa = PBXFileReference; lastKnownFileType = wrapper.framework; name = ExternalAccessory.framework; path = System/Library/Frameworks/ExternalAccessory.framework; sourceTree = SDKROOT; };
		BFDD09A121789ECD009728C0 /* CoreFoundation.framework */ = {isa = PBXFileReference; lastKnownFileType = wrapper.framework; name = CoreFoundation.framework; path = System/Library/Frameworks/CoreFoundation.framework; sourceTree = SDKROOT; };
		BFDD09A221789ECE009728C0 /* Foundation.framework */ = {isa = PBXFileReference; lastKnownFileType = wrapper.framework; name = Foundation.framework; path = System/Library/Frameworks/Foundation.framework; sourceTree = SDKROOT; };
		BFDD09A321789ECE009728C0 /* HealthKit.framework */ = {isa = PBXFileReference; lastKnownFileType = wrapper.framework; name = HealthKit.framework; path = System/Library/Frameworks/HealthKit.framework; sourceTree = SDKROOT; };
		BFDD09A421789ECE009728C0 /* HealthKitUI.framework */ = {isa = PBXFileReference; lastKnownFileType = wrapper.framework; name = HealthKitUI.framework; path = System/Library/Frameworks/HealthKitUI.framework; sourceTree = SDKROOT; };
		BFDD09A521789ECE009728C0 /* GameKit.framework */ = {isa = PBXFileReference; lastKnownFileType = wrapper.framework; name = GameKit.framework; path = System/Library/Frameworks/GameKit.framework; sourceTree = SDKROOT; };
		BFDD09A621789ECF009728C0 /* CoreNFC.framework */ = {isa = PBXFileReference; lastKnownFileType = wrapper.framework; name = CoreNFC.framework; path = System/Library/Frameworks/CoreNFC.framework; sourceTree = SDKROOT; };
		BFDD09A721789ECF009728C0 /* CoreBluetooth.framework */ = {isa = PBXFileReference; lastKnownFileType = wrapper.framework; name = CoreBluetooth.framework; path = System/Library/Frameworks/CoreBluetooth.framework; sourceTree = SDKROOT; };
		BFDD09A821789ECF009728C0 /* ClassKit.framework */ = {isa = PBXFileReference; lastKnownFileType = wrapper.framework; name = ClassKit.framework; path = System/Library/Frameworks/ClassKit.framework; sourceTree = SDKROOT; };
		BFDD09A921789ECF009728C0 /* IntentsUI.framework */ = {isa = PBXFileReference; lastKnownFileType = wrapper.framework; name = IntentsUI.framework; path = System/Library/Frameworks/IntentsUI.framework; sourceTree = SDKROOT; };
		BFDD09AA21789ECF009728C0 /* AudioToolbox.framework */ = {isa = PBXFileReference; lastKnownFileType = wrapper.framework; name = AudioToolbox.framework; path = System/Library/Frameworks/AudioToolbox.framework; sourceTree = SDKROOT; };
		BFDD09AB21789ECF009728C0 /* CloudKit.framework */ = {isa = PBXFileReference; lastKnownFileType = wrapper.framework; name = CloudKit.framework; path = System/Library/Frameworks/CloudKit.framework; sourceTree = SDKROOT; };
		BFDD09AC21789ED0009728C0 /* GameplayKit.framework */ = {isa = PBXFileReference; lastKnownFileType = wrapper.framework; name = GameplayKit.framework; path = System/Library/Frameworks/GameplayKit.framework; sourceTree = SDKROOT; };
		BFDD09AD21789ED0009728C0 /* Accounts.framework */ = {isa = PBXFileReference; lastKnownFileType = wrapper.framework; name = Accounts.framework; path = System/Library/Frameworks/Accounts.framework; sourceTree = SDKROOT; };
		BFDD09AE21789ED0009728C0 /* CoreAudioKit.framework */ = {isa = PBXFileReference; lastKnownFileType = wrapper.framework; name = CoreAudioKit.framework; path = System/Library/Frameworks/CoreAudioKit.framework; sourceTree = SDKROOT; };
		BFDD09AF21789ED0009728C0 /* CoreGraphics.framework */ = {isa = PBXFileReference; lastKnownFileType = wrapper.framework; name = CoreGraphics.framework; path = System/Library/Frameworks/CoreGraphics.framework; sourceTree = SDKROOT; };
		BFDD09B021789ED0009728C0 /* CallKit.framework */ = {isa = PBXFileReference; lastKnownFileType = wrapper.framework; name = CallKit.framework; path = System/Library/Frameworks/CallKit.framework; sourceTree = SDKROOT; };
		BFDD09B121789ED1009728C0 /* ContactsUI.framework */ = {isa = PBXFileReference; lastKnownFileType = wrapper.framework; name = ContactsUI.framework; path = System/Library/Frameworks/ContactsUI.framework; sourceTree = SDKROOT; };
		BFDD09B221789ED1009728C0 /* CoreMedia.framework */ = {isa = PBXFileReference; lastKnownFileType = wrapper.framework; name = CoreMedia.framework; path = System/Library/Frameworks/CoreMedia.framework; sourceTree = SDKROOT; };
		BFDD09B321789ED1009728C0 /* iAd.framework */ = {isa = PBXFileReference; lastKnownFileType = wrapper.framework; name = iAd.framework; path = System/Library/Frameworks/iAd.framework; sourceTree = SDKROOT; };
		BFDD09B421789ED1009728C0 /* AVKit.framework */ = {isa = PBXFileReference; lastKnownFileType = wrapper.framework; name = AVKit.framework; path = System/Library/Frameworks/AVKit.framework; sourceTree = SDKROOT; };
		BFDD09B521789ED1009728C0 /* GLKit.framework */ = {isa = PBXFileReference; lastKnownFileType = wrapper.framework; name = GLKit.framework; path = System/Library/Frameworks/GLKit.framework; sourceTree = SDKROOT; };
		BFDD09B621789ED2009728C0 /* CoreMotion.framework */ = {isa = PBXFileReference; lastKnownFileType = wrapper.framework; name = CoreMotion.framework; path = System/Library/Frameworks/CoreMotion.framework; sourceTree = SDKROOT; };
		BFDD09B721789ED2009728C0 /* AVFoundation.framework */ = {isa = PBXFileReference; lastKnownFileType = wrapper.framework; name = AVFoundation.framework; path = System/Library/Frameworks/AVFoundation.framework; sourceTree = SDKROOT; };
		BFDD09B821789ED2009728C0 /* AssetsLibrary.framework */ = {isa = PBXFileReference; lastKnownFileType = wrapper.framework; name = AssetsLibrary.framework; path = System/Library/Frameworks/AssetsLibrary.framework; sourceTree = SDKROOT; };
		BFDD09B921789ED2009728C0 /* CoreVideo.framework */ = {isa = PBXFileReference; lastKnownFileType = wrapper.framework; name = CoreVideo.framework; path = System/Library/Frameworks/CoreVideo.framework; sourceTree = SDKROOT; };
		BFDD09BA21789ED2009728C0 /* DeviceCheck.framework */ = {isa = PBXFileReference; lastKnownFileType = wrapper.framework; name = DeviceCheck.framework; path = System/Library/Frameworks/DeviceCheck.framework; sourceTree = SDKROOT; };
		BFDD09BB21789ED3009728C0 /* JavaScriptCore.framework */ = {isa = PBXFileReference; lastKnownFileType = wrapper.framework; name = JavaScriptCore.framework; path = System/Library/Frameworks/JavaScriptCore.framework; sourceTree = SDKROOT; };
		BFDD09BC21789ED3009728C0 /* AddressBook.framework */ = {isa = PBXFileReference; lastKnownFileType = wrapper.framework; name = AddressBook.framework; path = System/Library/Frameworks/AddressBook.framework; sourceTree = SDKROOT; };
		BFDD09BD21789ED3009728C0 /* BusinessChat.framework */ = {isa = PBXFileReference; lastKnownFileType = wrapper.framework; name = BusinessChat.framework; path = System/Library/Frameworks/BusinessChat.framework; sourceTree = SDKROOT; };
		BFDD09BE21789ED3009728C0 /* AddressBookUI.framework */ = {isa = PBXFileReference; lastKnownFileType = wrapper.framework; name = AddressBookUI.framework; path = System/Library/Frameworks/AddressBookUI.framework; sourceTree = SDKROOT; };
		BFDD09BF21789ED4009728C0 /* CFNetwork.framework */ = {isa = PBXFileReference; lastKnownFileType = wrapper.framework; name = CFNetwork.framework; path = System/Library/Frameworks/CFNetwork.framework; sourceTree = SDKROOT; };
		BFDD09C021789ED4009728C0 /* EventKitUI.framework */ = {isa = PBXFileReference; lastKnownFileType = wrapper.framework; name = EventKitUI.framework; path = System/Library/Frameworks/EventKitUI.framework; sourceTree = SDKROOT; };
		BFDD09C121789ED4009728C0 /* HomeKit.framework */ = {isa = PBXFileReference; lastKnownFileType = wrapper.framework; name = HomeKit.framework; path = System/Library/Frameworks/HomeKit.framework; sourceTree = SDKROOT; };
		BFDD09C221789ED4009728C0 /* CoreAudio.framework */ = {isa = PBXFileReference; lastKnownFileType = wrapper.framework; name = CoreAudio.framework; path = System/Library/Frameworks/CoreAudio.framework; sourceTree = SDKROOT; };
		BFDD09C321789ED4009728C0 /* GameController.framework */ = {isa = PBXFileReference; lastKnownFileType = wrapper.framework; name = GameController.framework; path = System/Library/Frameworks/GameController.framework; sourceTree = SDKROOT; };
		BFDD09C421789ED5009728C0 /* CoreSpotlight.framework */ = {isa = PBXFileReference; lastKnownFileType = wrapper.framework; name = CoreSpotlight.framework; path = System/Library/Frameworks/CoreSpotlight.framework; sourceTree = SDKROOT; };
		BFDD09C521789ED5009728C0 /* FileProviderUI.framework */ = {isa = PBXFileReference; lastKnownFileType = wrapper.framework; name = FileProviderUI.framework; path = System/Library/Frameworks/FileProviderUI.framework; sourceTree = SDKROOT; };
		BFDD09C621789ED5009728C0 /* Contacts.framework */ = {isa = PBXFileReference; lastKnownFileType = wrapper.framework; name = Contacts.framework; path = System/Library/Frameworks/Contacts.framework; sourceTree = SDKROOT; };
		BFDD09C721789ED5009728C0 /* CoreML.framework */ = {isa = PBXFileReference; lastKnownFileType = wrapper.framework; name = CoreML.framework; path = System/Library/Frameworks/CoreML.framework; sourceTree = SDKROOT; };
		BFDD09C821789ED5009728C0 /* IOSurface.framework */ = {isa = PBXFileReference; lastKnownFileType = wrapper.framework; name = IOSurface.framework; path = System/Library/Frameworks/IOSurface.framework; sourceTree = SDKROOT; };
		BFDD09C921789ED6009728C0 /* CoreMIDI.framework */ = {isa = PBXFileReference; lastKnownFileType = wrapper.framework; name = CoreMIDI.framework; path = System/Library/Frameworks/CoreMIDI.framework; sourceTree = SDKROOT; };
		BFDD09CA21789ED6009728C0 /* CoreTelephony.framework */ = {isa = PBXFileReference; lastKnownFileType = wrapper.framework; name = CoreTelephony.framework; path = System/Library/Frameworks/CoreTelephony.framework; sourceTree = SDKROOT; };
		BFDD09CB21789ED7009728C0 /* CoreData.framework */ = {isa = PBXFileReference; lastKnownFileType = wrapper.framework; name = CoreData.framework; path = System/Library/Frameworks/CoreData.framework; sourceTree = SDKROOT; };
		BFDD09CC21789ED7009728C0 /* FileProvider.framework */ = {isa = PBXFileReference; lastKnownFileType = wrapper.framework; name = FileProvider.framework; path = System/Library/Frameworks/FileProvider.framework; sourceTree = SDKROOT; };
		BFDD09CD21789ED7009728C0 /* EventKit.framework */ = {isa = PBXFileReference; lastKnownFileType = wrapper.framework; name = EventKit.framework; path = System/Library/Frameworks/EventKit.framework; sourceTree = SDKROOT; };
		BFDD09CE21789ED8009728C0 /* GSS.framework */ = {isa = PBXFileReference; lastKnownFileType = wrapper.framework; name = GSS.framework; path = System/Library/Frameworks/GSS.framework; sourceTree = SDKROOT; };
		BFDD09CF21789ED8009728C0 /* AudioUnit.framework */ = {isa = PBXFileReference; lastKnownFileType = wrapper.framework; name = AudioUnit.framework; path = System/Library/Frameworks/AudioUnit.framework; sourceTree = SDKROOT; };
		BFDD09D021789ED8009728C0 /* IdentityLookup.framework */ = {isa = PBXFileReference; lastKnownFileType = wrapper.framework; name = IdentityLookup.framework; path = System/Library/Frameworks/IdentityLookup.framework; sourceTree = SDKROOT; };
		BFDD09D121789ED8009728C0 /* CoreLocation.framework */ = {isa = PBXFileReference; lastKnownFileType = wrapper.framework; name = CoreLocation.framework; path = System/Library/Frameworks/CoreLocation.framework; sourceTree = SDKROOT; };
		BFDD09D221789ED8009728C0 /* CoreImage.framework */ = {isa = PBXFileReference; lastKnownFileType = wrapper.framework; name = CoreImage.framework; path = System/Library/Frameworks/CoreImage.framework; sourceTree = SDKROOT; };
		BFDD09D321789ED9009728C0 /* ImageIO.framework */ = {isa = PBXFileReference; lastKnownFileType = wrapper.framework; name = ImageIO.framework; path = System/Library/Frameworks/ImageIO.framework; sourceTree = SDKROOT; };
		BFDD09D421789ED9009728C0 /* CoreText.framework */ = {isa = PBXFileReference; lastKnownFileType = wrapper.framework; name = CoreText.framework; path = System/Library/Frameworks/CoreText.framework; sourceTree = SDKROOT; };
		BFDD09D521789ED9009728C0 /* AdSupport.framework */ = {isa = PBXFileReference; lastKnownFileType = wrapper.framework; name = AdSupport.framework; path = System/Library/Frameworks/AdSupport.framework; sourceTree = SDKROOT; };
/* End PBXFileReference section */

/* Begin PBXFrameworksBuildPhase section */
		BFD0B1D42174DDBD002B94D1 /* Frameworks */ = {
			isa = PBXFrameworksBuildPhase;
			buildActionMask = 2147483647;
			files = (
				BF8083562195718A00A81B1E /* Bolts.framework in Frameworks */,
				BF8083582195718A00A81B1E /* FBSDKCoreKit.framework in Frameworks */,
				BF80835A2195718A00A81B1E /* FBSDKLoginKit.framework in Frameworks */,
				BF80835C2195718A00A81B1E /* FirebaseAuth.framework in Frameworks */,
				BF80835E2195718A00A81B1E /* FirebaseCore.framework in Frameworks */,
				BF8083602195718A00A81B1E /* FirebaseDatabase.framework in Frameworks */,
				BF8083622195718A00A81B1E /* FirebaseFirestore.framework in Frameworks */,
				BF8083642195718A00A81B1E /* FirebaseStorage.framework in Frameworks */,
				BF8083662195718A00A81B1E /* FirebaseUI.framework in Frameworks */,
				BF8083682195718A00A81B1E /* GoogleToolboxForMac.framework in Frameworks */,
				BF80836A2195718A00A81B1E /* GoogleUtilities.framework in Frameworks */,
				BF80836C2195718A00A81B1E /* grpc.framework in Frameworks */,
				BF80836E2195718A00A81B1E /* GRPCClient.framework in Frameworks */,
				BF8083702195718A00A81B1E /* grpcpp.framework in Frameworks */,
				BF8083722195718A00A81B1E /* GTMOAuth2.framework in Frameworks */,
				BF8083742195718A00A81B1E /* GTMSessionFetcher.framework in Frameworks */,
				BF8083762195718A00A81B1E /* leveldb.framework in Frameworks */,
				BF8083782195718A00A81B1E /* nanopb.framework in Frameworks */,
				BF80837A2195718A00A81B1E /* openssl.framework in Frameworks */,
				BF80837C2195718A00A81B1E /* Protobuf.framework in Frameworks */,
				BF80837E2195718A00A81B1E /* ProtoRPC.framework in Frameworks */,
				BF8083802195718A00A81B1E /* RxLibrary.framework in Frameworks */,
				BF8083822195718A00A81B1E /* SDWebImage.framework in Frameworks */,
				139B5DDBFF756502E9D8051B /* Pods_IAMGROOT.framework in Frameworks */,
			);
			runOnlyForDeploymentPostprocessing = 0;
		};
		BFD0B1EB2174DDC2002B94D1 /* Frameworks */ = {
			isa = PBXFrameworksBuildPhase;
			buildActionMask = 2147483647;
			files = (
			);
			runOnlyForDeploymentPostprocessing = 0;
		};
		BFD0B1F62174DDC2002B94D1 /* Frameworks */ = {
			isa = PBXFrameworksBuildPhase;
			buildActionMask = 2147483647;
			files = (
			);
			runOnlyForDeploymentPostprocessing = 0;
		};
/* End PBXFrameworksBuildPhase section */

/* Begin PBXGroup section */
		0AC564BA1A6D012A681EE1BA /* Pods */ = {
			isa = PBXGroup;
			children = (
				97DFE37831A87245F6D4C3AC /* Pods-IAMGROOT.debug.xcconfig */,
				450B95E1968B62644A6501F2 /* Pods-IAMGROOT.release.xcconfig */,
			);
			name = Pods;
			sourceTree = "<group>";
		};
		A59D5E24E5CF66713D819684 /* Frameworks */ = {
			isa = PBXGroup;
			children = (
				BF8083552195718A00A81B1E /* Bolts.framework */,
				BF8083572195718A00A81B1E /* FBSDKCoreKit.framework */,
				BF8083592195718A00A81B1E /* FBSDKLoginKit.framework */,
				BF80835B2195718A00A81B1E /* FirebaseAuth.framework */,
				BF80835D2195718A00A81B1E /* FirebaseCore.framework */,
				BF80835F2195718A00A81B1E /* FirebaseDatabase.framework */,
				BF8083612195718A00A81B1E /* FirebaseFirestore.framework */,
				BF8083632195718A00A81B1E /* FirebaseStorage.framework */,
				BF8083652195718A00A81B1E /* FirebaseUI.framework */,
				BF8083672195718A00A81B1E /* GoogleToolboxForMac.framework */,
				BF8083692195718A00A81B1E /* GoogleUtilities.framework */,
				BF80836B2195718A00A81B1E /* grpc.framework */,
				BF80836D2195718A00A81B1E /* GRPCClient.framework */,
				BF80836F2195718A00A81B1E /* grpcpp.framework */,
				BF8083712195718A00A81B1E /* GTMOAuth2.framework */,
				BF8083732195718A00A81B1E /* GTMSessionFetcher.framework */,
				BF8083752195718A00A81B1E /* leveldb.framework */,
				BF8083772195718A00A81B1E /* nanopb.framework */,
				BF8083792195718A00A81B1E /* openssl.framework */,
				BF80837B2195718A00A81B1E /* Protobuf.framework */,
				BF80837D2195718A00A81B1E /* ProtoRPC.framework */,
				BF80837F2195718A00A81B1E /* RxLibrary.framework */,
				BF8083812195718A00A81B1E /* SDWebImage.framework */,
				BFDD09AD21789ED0009728C0 /* Accounts.framework */,
				BFDD09BC21789ED3009728C0 /* AddressBook.framework */,
				BFDD09BE21789ED3009728C0 /* AddressBookUI.framework */,
				BFDD09D521789ED9009728C0 /* AdSupport.framework */,
				BFDD099E21789ECD009728C0 /* ARKit.framework */,
				BFDD09B821789ED2009728C0 /* AssetsLibrary.framework */,
				BFDD09AA21789ECF009728C0 /* AudioToolbox.framework */,
				BFDD09CF21789ED8009728C0 /* AudioUnit.framework */,
				BFDD09B721789ED2009728C0 /* AVFoundation.framework */,
				BFDD09B421789ED1009728C0 /* AVKit.framework */,
				BFDD09BD21789ED3009728C0 /* BusinessChat.framework */,
				BFDD09B021789ED0009728C0 /* CallKit.framework */,
				BFDD09BF21789ED4009728C0 /* CFNetwork.framework */,
				BFDD09A821789ECF009728C0 /* ClassKit.framework */,
				BFDD09AB21789ECF009728C0 /* CloudKit.framework */,
				BFDD09C621789ED5009728C0 /* Contacts.framework */,
				BFDD09B121789ED1009728C0 /* ContactsUI.framework */,
				BFDD09C221789ED4009728C0 /* CoreAudio.framework */,
				BFDD09AE21789ED0009728C0 /* CoreAudioKit.framework */,
				BFDD09A721789ECF009728C0 /* CoreBluetooth.framework */,
				BFDD09CB21789ED7009728C0 /* CoreData.framework */,
				BFDD09A121789ECD009728C0 /* CoreFoundation.framework */,
				BFDD09AF21789ED0009728C0 /* CoreGraphics.framework */,
				BFDD09D221789ED8009728C0 /* CoreImage.framework */,
				BFDD09D121789ED8009728C0 /* CoreLocation.framework */,
				BFDD09B221789ED1009728C0 /* CoreMedia.framework */,
				BFDD09C921789ED6009728C0 /* CoreMIDI.framework */,
				BFDD09C721789ED5009728C0 /* CoreML.framework */,
				BFDD09B621789ED2009728C0 /* CoreMotion.framework */,
				BFDD09A621789ECF009728C0 /* CoreNFC.framework */,
				BFDD09C421789ED5009728C0 /* CoreSpotlight.framework */,
				BFDD09CA21789ED6009728C0 /* CoreTelephony.framework */,
				BFDD09D421789ED9009728C0 /* CoreText.framework */,
				BFDD09B921789ED2009728C0 /* CoreVideo.framework */,
				BFDD09BA21789ED2009728C0 /* DeviceCheck.framework */,
				BFDD09CD21789ED7009728C0 /* EventKit.framework */,
				BFDD09C021789ED4009728C0 /* EventKitUI.framework */,
				BFDD09A021789ECD009728C0 /* ExternalAccessory.framework */,
				BFDD09CC21789ED7009728C0 /* FileProvider.framework */,
				BFDD09C521789ED5009728C0 /* FileProviderUI.framework */,
				BFDD09A221789ECE009728C0 /* Foundation.framework */,
				BFDD09C321789ED4009728C0 /* GameController.framework */,
				BFDD09A521789ECE009728C0 /* GameKit.framework */,
				BFDD09AC21789ED0009728C0 /* GameplayKit.framework */,
				BFDD09B521789ED1009728C0 /* GLKit.framework */,
				BFDD09CE21789ED8009728C0 /* GSS.framework */,
				BFDD09A321789ECE009728C0 /* HealthKit.framework */,
				BFDD09A421789ECE009728C0 /* HealthKitUI.framework */,
				BFDD09C121789ED4009728C0 /* HomeKit.framework */,
				BFDD09B321789ED1009728C0 /* iAd.framework */,
				BFDD09D021789ED8009728C0 /* IdentityLookup.framework */,
				BFDD09D321789ED9009728C0 /* ImageIO.framework */,
				BFDD099F21789ECD009728C0 /* Intents.framework */,
				BFDD09A921789ECF009728C0 /* IntentsUI.framework */,
				BFDD09C821789ED5009728C0 /* IOSurface.framework */,
				BFDD09BB21789ED3009728C0 /* JavaScriptCore.framework */,
				BFDD099C21789EBC009728C0 /* Accelerate.framework */,
				BFDD097221786704009728C0 /* Bolts.framework */,
				BFDD097421786704009728C0 /* FBSDKCoreKit.framework */,
				BFDD097621786704009728C0 /* FBSDKLoginKit.framework */,
				BFDD097821786704009728C0 /* FirebaseAuth.framework */,
				BFDD097A21786704009728C0 /* FirebaseFirestore.framework */,
				BFDD097C21786704009728C0 /* FirebaseStorage.framework */,
				BFDD097E21786704009728C0 /* FirebaseUI.framework */,
				BFDD098021786704009728C0 /* GoogleToolboxForMac.framework */,
				BFDD098221786704009728C0 /* GoogleUtilities.framework */,
				BFDD098421786704009728C0 /* grpc.framework */,
				BFDD098621786704009728C0 /* GRPCClient.framework */,
				BFDD098821786704009728C0 /* grpcpp.framework */,
				BFDD098A21786704009728C0 /* GTMOAuth2.framework */,
				BFDD098C21786704009728C0 /* GTMSessionFetcher.framework */,
				BFDD098E21786704009728C0 /* leveldb.framework */,
				BFDD099021786704009728C0 /* nanopb.framework */,
				BFDD099221786704009728C0 /* openssl.framework */,
				BFDD099421786704009728C0 /* Protobuf.framework */,
				BFDD099621786704009728C0 /* ProtoRPC.framework */,
				BFDD099821786704009728C0 /* RxLibrary.framework */,
				BFDD099A21786704009728C0 /* SDWebImage.framework */,
				BFDD096E2175B0DC009728C0 /* FirebaseDatabase.framework */,
				BFDD096C2175B0D3009728C0 /* FirebaseCore.framework */,
				6675C867C49AEE1A217A94D2 /* Pods_IAMGROOT.framework */,
			);
			name = Frameworks;
			sourceTree = "<group>";
		};
		BF1DEAB4217C736600EB818B /* MainView */ = {
			isa = PBXGroup;
			children = (
				BF1DEAB5217C738F00EB818B /* MainViewController.storyboard */,
				BF1DEAB7217C73A600EB818B /* MainViewController.swift */,
				BF1DEAB9217ED69400EB818B /* MainTabBarController.swift */,
				BF8083832195788000A81B1E /* MainPrivateViewController.swift */,
			);
			path = MainView;
			sourceTree = "<group>";
		};
		BF1DEABB217F338200EB818B /* Model */ = {
			isa = PBXGroup;
			children = (
				BF1DEABC217F339B00EB818B /* User.swift */,
			);
			path = Model;
			sourceTree = "<group>";
		};
		BF5FAD112196C440001397EF /* Font */ = {
			isa = PBXGroup;
			children = (
				BF5FAD122196C450001397EF /* Pissjar Sans.ttf */,
			);
			path = Font;
			sourceTree = "<group>";
		};
		BF8083852196B65100A81B1E /* ImageView */ = {
			isa = PBXGroup;
			children = (
				BF8083862196B67800A81B1E /* RoundedImageView.swift */,
			);
			path = ImageView;
			sourceTree = "<group>";
		};
		BFD0B1CE2174DDBD002B94D1 = {
			isa = PBXGroup;
			children = (
				BF5FAD112196C440001397EF /* Font */,
				BFD0B1D92174DDBD002B94D1 /* IAMGROOT */,
				BFD0B1F12174DDC2002B94D1 /* IAMGROOTTests */,
				BFD0B1FC2174DDC2002B94D1 /* IAMGROOTUITests */,
				BFD0B1D82174DDBD002B94D1 /* Products */,
				0AC564BA1A6D012A681EE1BA /* Pods */,
				A59D5E24E5CF66713D819684 /* Frameworks */,
			);
			sourceTree = "<group>";
		};
		BFD0B1D82174DDBD002B94D1 /* Products */ = {
			isa = PBXGroup;
			children = (
				BFD0B1D72174DDBD002B94D1 /* IAMGROOT.app */,
				BFD0B1EE2174DDC2002B94D1 /* IAMGROOTTests.xctest */,
				BFD0B1F92174DDC2002B94D1 /* IAMGROOTUITests.xctest */,
			);
			name = Products;
			sourceTree = "<group>";
		};
		BFD0B1D92174DDBD002B94D1 /* IAMGROOT */ = {
			isa = PBXGroup;
			children = (
				BF8083852196B65100A81B1E /* ImageView */,
				BF1DEABB217F338200EB818B /* Model */,
				BFD0B2102175A736002B94D1 /* GoogleService-Info.plist */,
				BF1DEAB4217C736600EB818B /* MainView */,
				BFD0B20B21758C3D002B94D1 /* FBLogin */,
				BFD0B1DA2174DDBE002B94D1 /* AppDelegate.swift */,
				BFD0B1DC2174DDBE002B94D1 /* ViewController.swift */,
				BFD0B1DE2174DDBE002B94D1 /* Main.storyboard */,
				BFD0B1E42174DDC2002B94D1 /* Assets.xcassets */,
				BFD0B1E62174DDC2002B94D1 /* LaunchScreen.storyboard */,
				BFD0B1E92174DDC2002B94D1 /* Info.plist */,
				BFD0B1E12174DDBE002B94D1 /* IAMGROOT.xcdatamodeld */,
			);
			path = IAMGROOT;
			sourceTree = "<group>";
		};
		BFD0B1F12174DDC2002B94D1 /* IAMGROOTTests */ = {
			isa = PBXGroup;
			children = (
				BFD0B1F22174DDC2002B94D1 /* IAMGROOTTests.swift */,
				BFD0B1F42174DDC2002B94D1 /* Info.plist */,
			);
			path = IAMGROOTTests;
			sourceTree = "<group>";
		};
		BFD0B1FC2174DDC2002B94D1 /* IAMGROOTUITests */ = {
			isa = PBXGroup;
			children = (
				BFD0B1FD2174DDC2002B94D1 /* IAMGROOTUITests.swift */,
				BFD0B1FF2174DDC2002B94D1 /* Info.plist */,
			);
			path = IAMGROOTUITests;
			sourceTree = "<group>";
		};
		BFD0B20B21758C3D002B94D1 /* FBLogin */ = {
			isa = PBXGroup;
			children = (
				BFD0B20E21758E76002B94D1 /* FBLoginConnectPageViewController.swift */,
				BFDD097021786698009728C0 /* FBLoginConnectPageViewController.storyboard */,
			);
			path = FBLogin;
			sourceTree = "<group>";
		};
/* End PBXGroup section */

/* Begin PBXNativeTarget section */
		BFD0B1D62174DDBD002B94D1 /* IAMGROOT */ = {
			isa = PBXNativeTarget;
			buildConfigurationList = BFD0B2022174DDC2002B94D1 /* Build configuration list for PBXNativeTarget "IAMGROOT" */;
			buildPhases = (
				5F9A92EC73CAFB45217EFED7 /* [CP] Check Pods Manifest.lock */,
				BFD0B1D32174DDBD002B94D1 /* Sources */,
				BFD0B1D42174DDBD002B94D1 /* Frameworks */,
				BFD0B1D52174DDBD002B94D1 /* Resources */,
				1FCD3A4407C5150503523DA2 /* [CP] Embed Pods Frameworks */,
				112A15A86A08F58FD19133E6 /* [CP] Copy Pods Resources */,
			);
			buildRules = (
			);
			dependencies = (
			);
			name = IAMGROOT;
			productName = IAMGROOT;
			productReference = BFD0B1D72174DDBD002B94D1 /* IAMGROOT.app */;
			productType = "com.apple.product-type.application";
		};
		BFD0B1ED2174DDC2002B94D1 /* IAMGROOTTests */ = {
			isa = PBXNativeTarget;
			buildConfigurationList = BFD0B2052174DDC2002B94D1 /* Build configuration list for PBXNativeTarget "IAMGROOTTests" */;
			buildPhases = (
				BFD0B1EA2174DDC2002B94D1 /* Sources */,
				BFD0B1EB2174DDC2002B94D1 /* Frameworks */,
				BFD0B1EC2174DDC2002B94D1 /* Resources */,
			);
			buildRules = (
			);
			dependencies = (
				BFD0B1F02174DDC2002B94D1 /* PBXTargetDependency */,
			);
			name = IAMGROOTTests;
			productName = IAMGROOTTests;
			productReference = BFD0B1EE2174DDC2002B94D1 /* IAMGROOTTests.xctest */;
			productType = "com.apple.product-type.bundle.unit-test";
		};
		BFD0B1F82174DDC2002B94D1 /* IAMGROOTUITests */ = {
			isa = PBXNativeTarget;
			buildConfigurationList = BFD0B2082174DDC2002B94D1 /* Build configuration list for PBXNativeTarget "IAMGROOTUITests" */;
			buildPhases = (
				BFD0B1F52174DDC2002B94D1 /* Sources */,
				BFD0B1F62174DDC2002B94D1 /* Frameworks */,
				BFD0B1F72174DDC2002B94D1 /* Resources */,
			);
			buildRules = (
			);
			dependencies = (
				BFD0B1FB2174DDC2002B94D1 /* PBXTargetDependency */,
			);
			name = IAMGROOTUITests;
			productName = IAMGROOTUITests;
			productReference = BFD0B1F92174DDC2002B94D1 /* IAMGROOTUITests.xctest */;
			productType = "com.apple.product-type.bundle.ui-testing";
		};
/* End PBXNativeTarget section */

/* Begin PBXProject section */
		BFD0B1CF2174DDBD002B94D1 /* Project object */ = {
			isa = PBXProject;
			attributes = {
				LastSwiftUpdateCheck = 0940;
				LastUpgradeCheck = 0940;
				ORGANIZATIONNAME = "김지영";
				TargetAttributes = {
					BFD0B1D62174DDBD002B94D1 = {
						CreatedOnToolsVersion = 9.4.1;
					};
					BFD0B1ED2174DDC2002B94D1 = {
						CreatedOnToolsVersion = 9.4.1;
						TestTargetID = BFD0B1D62174DDBD002B94D1;
					};
					BFD0B1F82174DDC2002B94D1 = {
						CreatedOnToolsVersion = 9.4.1;
						TestTargetID = BFD0B1D62174DDBD002B94D1;
					};
				};
			};
			buildConfigurationList = BFD0B1D22174DDBD002B94D1 /* Build configuration list for PBXProject "IAMGROOT" */;
			compatibilityVersion = "Xcode 9.3";
			developmentRegion = en;
			hasScannedForEncodings = 0;
			knownRegions = (
				en,
				Base,
			);
			mainGroup = BFD0B1CE2174DDBD002B94D1;
			productRefGroup = BFD0B1D82174DDBD002B94D1 /* Products */;
			projectDirPath = "";
			projectRoot = "";
			targets = (
				BFD0B1D62174DDBD002B94D1 /* IAMGROOT */,
				BFD0B1ED2174DDC2002B94D1 /* IAMGROOTTests */,
				BFD0B1F82174DDC2002B94D1 /* IAMGROOTUITests */,
			);
		};
/* End PBXProject section */

/* Begin PBXResourcesBuildPhase section */
		BFD0B1D52174DDBD002B94D1 /* Resources */ = {
			isa = PBXResourcesBuildPhase;
			buildActionMask = 2147483647;
			files = (
				BFD0B1E82174DDC2002B94D1 /* LaunchScreen.storyboard in Resources */,
				BF5FAD132196C461001397EF /* Pissjar Sans.ttf in Resources */,
				BFD0B1E52174DDC2002B94D1 /* Assets.xcassets in Resources */,
				BFD0B2112175A736002B94D1 /* GoogleService-Info.plist in Resources */,
				BF808350219462DB00A81B1E /* FBLoginConnectPageViewController.storyboard in Resources */,
				BF1DEAB6217C738F00EB818B /* MainViewController.storyboard in Resources */,
				BFD0B1E02174DDBE002B94D1 /* Main.storyboard in Resources */,
			);
			runOnlyForDeploymentPostprocessing = 0;
		};
		BFD0B1EC2174DDC2002B94D1 /* Resources */ = {
			isa = PBXResourcesBuildPhase;
			buildActionMask = 2147483647;
			files = (
				BFD0B2122175A736002B94D1 /* GoogleService-Info.plist in Resources */,
			);
			runOnlyForDeploymentPostprocessing = 0;
		};
		BFD0B1F72174DDC2002B94D1 /* Resources */ = {
			isa = PBXResourcesBuildPhase;
			buildActionMask = 2147483647;
			files = (
				BFD0B2132175A736002B94D1 /* GoogleService-Info.plist in Resources */,
			);
			runOnlyForDeploymentPostprocessing = 0;
		};
/* End PBXResourcesBuildPhase section */

/* Begin PBXShellScriptBuildPhase section */
		112A15A86A08F58FD19133E6 /* [CP] Copy Pods Resources */ = {
			isa = PBXShellScriptBuildPhase;
			buildActionMask = 2147483647;
			files = (
			);
			inputPaths = (
				"${SRCROOT}/Pods/Target Support Files/Pods-IAMGROOT/Pods-IAMGROOT-resources.sh",
				"${PODS_CONFIGURATION_BUILD_DIR}/FirebaseUI/FirebaseAnonymousAuthUI.bundle",
				"${PODS_CONFIGURATION_BUILD_DIR}/FirebaseUI/FirebaseAuthUI.bundle",
				"${PODS_CONFIGURATION_BUILD_DIR}/FirebaseUI/FirebaseFacebookAuthUI.bundle",
				"${PODS_CONFIGURATION_BUILD_DIR}/FirebaseUI/FirebaseGoogleAuthUI.bundle",
				"${PODS_CONFIGURATION_BUILD_DIR}/FirebaseUI/FirebasePhoneAuthUI.bundle",
				"${PODS_CONFIGURATION_BUILD_DIR}/FirebaseUI/FirebaseTwitterAuthUI.bundle",
				"${PODS_ROOT}/GoogleMaps/Maps/Frameworks/GoogleMaps.framework/Resources/GoogleMaps.bundle",
				"${PODS_ROOT}/GooglePlaces/Frameworks/GooglePlaces.framework/Resources/GooglePlaces.bundle",
				"${PODS_ROOT}/GoogleSignIn/Resources/GoogleSignIn.bundle",
				"${PODS_ROOT}/TwitterKit/iOS/TwitterKit.framework/TwitterKitResources.bundle",
			);
			name = "[CP] Copy Pods Resources";
			outputPaths = (
				"${TARGET_BUILD_DIR}/${UNLOCALIZED_RESOURCES_FOLDER_PATH}/FirebaseAnonymousAuthUI.bundle",
				"${TARGET_BUILD_DIR}/${UNLOCALIZED_RESOURCES_FOLDER_PATH}/FirebaseAuthUI.bundle",
				"${TARGET_BUILD_DIR}/${UNLOCALIZED_RESOURCES_FOLDER_PATH}/FirebaseFacebookAuthUI.bundle",
				"${TARGET_BUILD_DIR}/${UNLOCALIZED_RESOURCES_FOLDER_PATH}/FirebaseGoogleAuthUI.bundle",
				"${TARGET_BUILD_DIR}/${UNLOCALIZED_RESOURCES_FOLDER_PATH}/FirebasePhoneAuthUI.bundle",
				"${TARGET_BUILD_DIR}/${UNLOCALIZED_RESOURCES_FOLDER_PATH}/FirebaseTwitterAuthUI.bundle",
				"${TARGET_BUILD_DIR}/${UNLOCALIZED_RESOURCES_FOLDER_PATH}/GoogleMaps.bundle",
				"${TARGET_BUILD_DIR}/${UNLOCALIZED_RESOURCES_FOLDER_PATH}/GooglePlaces.bundle",
				"${TARGET_BUILD_DIR}/${UNLOCALIZED_RESOURCES_FOLDER_PATH}/GoogleSignIn.bundle",
				"${TARGET_BUILD_DIR}/${UNLOCALIZED_RESOURCES_FOLDER_PATH}/TwitterKitResources.bundle",
			);
			runOnlyForDeploymentPostprocessing = 0;
			shellPath = /bin/sh;
			shellScript = "\"${SRCROOT}/Pods/Target Support Files/Pods-IAMGROOT/Pods-IAMGROOT-resources.sh\"\n";
			showEnvVarsInLog = 0;
		};
		1FCD3A4407C5150503523DA2 /* [CP] Embed Pods Frameworks */ = {
			isa = PBXShellScriptBuildPhase;
			buildActionMask = 2147483647;
			files = (
			);
			inputPaths = (
				"${SRCROOT}/Pods/Target Support Files/Pods-IAMGROOT/Pods-IAMGROOT-frameworks.sh",
				"${BUILT_PRODUCTS_DIR}/Bolts/Bolts.framework",
				"${BUILT_PRODUCTS_DIR}/BoringSSL/openssl.framework",
				"${BUILT_PRODUCTS_DIR}/FBSDKCoreKit/FBSDKCoreKit.framework",
				"${BUILT_PRODUCTS_DIR}/FBSDKLoginKit/FBSDKLoginKit.framework",
				"${BUILT_PRODUCTS_DIR}/GTMOAuth2/GTMOAuth2.framework",
				"${BUILT_PRODUCTS_DIR}/GTMSessionFetcher/GTMSessionFetcher.framework",
				"${BUILT_PRODUCTS_DIR}/GoogleToolboxForMac/GoogleToolboxForMac.framework",
				"${BUILT_PRODUCTS_DIR}/GoogleUtilities/GoogleUtilities.framework",
				"${BUILT_PRODUCTS_DIR}/Protobuf/Protobuf.framework",
				"${BUILT_PRODUCTS_DIR}/SDWebImage/SDWebImage.framework",
				"${PODS_ROOT}/TwitterCore/iOS/TwitterCore.framework",
				"${PODS_ROOT}/TwitterKit/iOS/TwitterKit.framework",
				"${BUILT_PRODUCTS_DIR}/gRPC/GRPCClient.framework",
				"${BUILT_PRODUCTS_DIR}/gRPC-C++/grpcpp.framework",
				"${BUILT_PRODUCTS_DIR}/gRPC-Core/grpc.framework",
				"${BUILT_PRODUCTS_DIR}/gRPC-ProtoRPC/ProtoRPC.framework",
				"${BUILT_PRODUCTS_DIR}/gRPC-RxLibrary/RxLibrary.framework",
				"${BUILT_PRODUCTS_DIR}/leveldb-library/leveldb.framework",
				"${BUILT_PRODUCTS_DIR}/nanopb/nanopb.framework",
			);
			name = "[CP] Embed Pods Frameworks";
			outputPaths = (
				"${TARGET_BUILD_DIR}/${FRAMEWORKS_FOLDER_PATH}/Bolts.framework",
				"${TARGET_BUILD_DIR}/${FRAMEWORKS_FOLDER_PATH}/openssl.framework",
				"${TARGET_BUILD_DIR}/${FRAMEWORKS_FOLDER_PATH}/FBSDKCoreKit.framework",
				"${TARGET_BUILD_DIR}/${FRAMEWORKS_FOLDER_PATH}/FBSDKLoginKit.framework",
				"${TARGET_BUILD_DIR}/${FRAMEWORKS_FOLDER_PATH}/GTMOAuth2.framework",
				"${TARGET_BUILD_DIR}/${FRAMEWORKS_FOLDER_PATH}/GTMSessionFetcher.framework",
				"${TARGET_BUILD_DIR}/${FRAMEWORKS_FOLDER_PATH}/GoogleToolboxForMac.framework",
				"${TARGET_BUILD_DIR}/${FRAMEWORKS_FOLDER_PATH}/GoogleUtilities.framework",
				"${TARGET_BUILD_DIR}/${FRAMEWORKS_FOLDER_PATH}/Protobuf.framework",
				"${TARGET_BUILD_DIR}/${FRAMEWORKS_FOLDER_PATH}/SDWebImage.framework",
				"${TARGET_BUILD_DIR}/${FRAMEWORKS_FOLDER_PATH}/TwitterCore.framework",
				"${TARGET_BUILD_DIR}/${FRAMEWORKS_FOLDER_PATH}/TwitterKit.framework",
				"${TARGET_BUILD_DIR}/${FRAMEWORKS_FOLDER_PATH}/GRPCClient.framework",
				"${TARGET_BUILD_DIR}/${FRAMEWORKS_FOLDER_PATH}/grpcpp.framework",
				"${TARGET_BUILD_DIR}/${FRAMEWORKS_FOLDER_PATH}/grpc.framework",
				"${TARGET_BUILD_DIR}/${FRAMEWORKS_FOLDER_PATH}/ProtoRPC.framework",
				"${TARGET_BUILD_DIR}/${FRAMEWORKS_FOLDER_PATH}/RxLibrary.framework",
				"${TARGET_BUILD_DIR}/${FRAMEWORKS_FOLDER_PATH}/leveldb.framework",
				"${TARGET_BUILD_DIR}/${FRAMEWORKS_FOLDER_PATH}/nanopb.framework",
			);
			runOnlyForDeploymentPostprocessing = 0;
			shellPath = /bin/sh;
			shellScript = "\"${SRCROOT}/Pods/Target Support Files/Pods-IAMGROOT/Pods-IAMGROOT-frameworks.sh\"\n";
			showEnvVarsInLog = 0;
		};
		5F9A92EC73CAFB45217EFED7 /* [CP] Check Pods Manifest.lock */ = {
			isa = PBXShellScriptBuildPhase;
			buildActionMask = 2147483647;
			files = (
			);
			inputPaths = (
				"${PODS_PODFILE_DIR_PATH}/Podfile.lock",
				"${PODS_ROOT}/Manifest.lock",
			);
			name = "[CP] Check Pods Manifest.lock";
			outputPaths = (
				"$(DERIVED_FILE_DIR)/Pods-IAMGROOT-checkManifestLockResult.txt",
			);
			runOnlyForDeploymentPostprocessing = 0;
			shellPath = /bin/sh;
			shellScript = "diff \"${PODS_PODFILE_DIR_PATH}/Podfile.lock\" \"${PODS_ROOT}/Manifest.lock\" > /dev/null\nif [ $? != 0 ] ; then\n    # print error to STDERR\n    echo \"error: The sandbox is not in sync with the Podfile.lock. Run 'pod install' or update your CocoaPods installation.\" >&2\n    exit 1\nfi\n# This output is used by Xcode 'outputs' to avoid re-running this script phase.\necho \"SUCCESS\" > \"${SCRIPT_OUTPUT_FILE_0}\"\n";
			showEnvVarsInLog = 0;
		};
/* End PBXShellScriptBuildPhase section */

/* Begin PBXSourcesBuildPhase section */
		BFD0B1D32174DDBD002B94D1 /* Sources */ = {
			isa = PBXSourcesBuildPhase;
			buildActionMask = 2147483647;
			files = (
				BFD0B20F21758E76002B94D1 /* FBLoginConnectPageViewController.swift in Sources */,
				BF8083842195788000A81B1E /* MainPrivateViewController.swift in Sources */,
				BFD0B1E32174DDBE002B94D1 /* IAMGROOT.xcdatamodeld in Sources */,
				BF1DEABA217ED69400EB818B /* MainTabBarController.swift in Sources */,
				BFD0B1DD2174DDBE002B94D1 /* ViewController.swift in Sources */,
				BFD0B1DB2174DDBE002B94D1 /* AppDelegate.swift in Sources */,
				BF1DEAB8217C73A600EB818B /* MainViewController.swift in Sources */,
				BF1DEABD217F339B00EB818B /* User.swift in Sources */,
				BF8083872196B67800A81B1E /* RoundedImageView.swift in Sources */,
			);
			runOnlyForDeploymentPostprocessing = 0;
		};
		BFD0B1EA2174DDC2002B94D1 /* Sources */ = {
			isa = PBXSourcesBuildPhase;
			buildActionMask = 2147483647;
			files = (
				BFD0B1F32174DDC2002B94D1 /* IAMGROOTTests.swift in Sources */,
			);
			runOnlyForDeploymentPostprocessing = 0;
		};
		BFD0B1F52174DDC2002B94D1 /* Sources */ = {
			isa = PBXSourcesBuildPhase;
			buildActionMask = 2147483647;
			files = (
				BFD0B1FE2174DDC2002B94D1 /* IAMGROOTUITests.swift in Sources */,
			);
			runOnlyForDeploymentPostprocessing = 0;
		};
/* End PBXSourcesBuildPhase section */

/* Begin PBXTargetDependency section */
		BFD0B1F02174DDC2002B94D1 /* PBXTargetDependency */ = {
			isa = PBXTargetDependency;
			target = BFD0B1D62174DDBD002B94D1 /* IAMGROOT */;
			targetProxy = BFD0B1EF2174DDC2002B94D1 /* PBXContainerItemProxy */;
		};
		BFD0B1FB2174DDC2002B94D1 /* PBXTargetDependency */ = {
			isa = PBXTargetDependency;
			target = BFD0B1D62174DDBD002B94D1 /* IAMGROOT */;
			targetProxy = BFD0B1FA2174DDC2002B94D1 /* PBXContainerItemProxy */;
		};
/* End PBXTargetDependency section */

/* Begin PBXVariantGroup section */
		BFD0B1DE2174DDBE002B94D1 /* Main.storyboard */ = {
			isa = PBXVariantGroup;
			children = (
				BFD0B1DF2174DDBE002B94D1 /* Base */,
			);
			name = Main.storyboard;
			sourceTree = "<group>";
		};
		BFD0B1E62174DDC2002B94D1 /* LaunchScreen.storyboard */ = {
			isa = PBXVariantGroup;
			children = (
				BFD0B1E72174DDC2002B94D1 /* Base */,
			);
			name = LaunchScreen.storyboard;
			sourceTree = "<group>";
		};
/* End PBXVariantGroup section */

/* Begin XCBuildConfiguration section */
		BFD0B2002174DDC2002B94D1 /* Debug */ = {
			isa = XCBuildConfiguration;
			buildSettings = {
				ALWAYS_SEARCH_USER_PATHS = NO;
				CLANG_ANALYZER_NONNULL = YES;
				CLANG_ANALYZER_NUMBER_OBJECT_CONVERSION = YES_AGGRESSIVE;
				CLANG_CXX_LANGUAGE_STANDARD = "gnu++14";
				CLANG_CXX_LIBRARY = "libc++";
				CLANG_ENABLE_MODULES = YES;
				CLANG_ENABLE_OBJC_ARC = YES;
				CLANG_ENABLE_OBJC_WEAK = YES;
				CLANG_WARN_BLOCK_CAPTURE_AUTORELEASING = YES;
				CLANG_WARN_BOOL_CONVERSION = YES;
				CLANG_WARN_COMMA = YES;
				CLANG_WARN_CONSTANT_CONVERSION = YES;
				CLANG_WARN_DEPRECATED_OBJC_IMPLEMENTATIONS = YES;
				CLANG_WARN_DIRECT_OBJC_ISA_USAGE = YES_ERROR;
				CLANG_WARN_DOCUMENTATION_COMMENTS = YES;
				CLANG_WARN_EMPTY_BODY = YES;
				CLANG_WARN_ENUM_CONVERSION = YES;
				CLANG_WARN_INFINITE_RECURSION = YES;
				CLANG_WARN_INT_CONVERSION = YES;
				CLANG_WARN_NON_LITERAL_NULL_CONVERSION = YES;
				CLANG_WARN_OBJC_IMPLICIT_RETAIN_SELF = YES;
				CLANG_WARN_OBJC_LITERAL_CONVERSION = YES;
				CLANG_WARN_OBJC_ROOT_CLASS = YES_ERROR;
				CLANG_WARN_RANGE_LOOP_ANALYSIS = YES;
				CLANG_WARN_STRICT_PROTOTYPES = YES;
				CLANG_WARN_SUSPICIOUS_MOVE = YES;
				CLANG_WARN_UNGUARDED_AVAILABILITY = YES_AGGRESSIVE;
				CLANG_WARN_UNREACHABLE_CODE = YES;
				CLANG_WARN__DUPLICATE_METHOD_MATCH = YES;
				CODE_SIGN_IDENTITY = "iPhone Developer";
				COPY_PHASE_STRIP = NO;
				DEBUG_INFORMATION_FORMAT = dwarf;
				ENABLE_STRICT_OBJC_MSGSEND = YES;
				ENABLE_TESTABILITY = YES;
				GCC_C_LANGUAGE_STANDARD = gnu11;
				GCC_DYNAMIC_NO_PIC = NO;
				GCC_NO_COMMON_BLOCKS = YES;
				GCC_OPTIMIZATION_LEVEL = 0;
				GCC_PREPROCESSOR_DEFINITIONS = (
					"DEBUG=1",
					"$(inherited)",
				);
				GCC_WARN_64_TO_32_BIT_CONVERSION = YES;
				GCC_WARN_ABOUT_RETURN_TYPE = YES_ERROR;
				GCC_WARN_UNDECLARED_SELECTOR = YES;
				GCC_WARN_UNINITIALIZED_AUTOS = YES_AGGRESSIVE;
				GCC_WARN_UNUSED_FUNCTION = YES;
				GCC_WARN_UNUSED_VARIABLE = YES;
				IPHONEOS_DEPLOYMENT_TARGET = 11.4;
				MTL_ENABLE_DEBUG_INFO = YES;
				ONLY_ACTIVE_ARCH = YES;
				SDKROOT = iphoneos;
				SWIFT_ACTIVE_COMPILATION_CONDITIONS = DEBUG;
				SWIFT_OPTIMIZATION_LEVEL = "-Onone";
			};
			name = Debug;
		};
		BFD0B2012174DDC2002B94D1 /* Release */ = {
			isa = XCBuildConfiguration;
			buildSettings = {
				ALWAYS_SEARCH_USER_PATHS = NO;
				CLANG_ANALYZER_NONNULL = YES;
				CLANG_ANALYZER_NUMBER_OBJECT_CONVERSION = YES_AGGRESSIVE;
				CLANG_CXX_LANGUAGE_STANDARD = "gnu++14";
				CLANG_CXX_LIBRARY = "libc++";
				CLANG_ENABLE_MODULES = YES;
				CLANG_ENABLE_OBJC_ARC = YES;
				CLANG_ENABLE_OBJC_WEAK = YES;
				CLANG_WARN_BLOCK_CAPTURE_AUTORELEASING = YES;
				CLANG_WARN_BOOL_CONVERSION = YES;
				CLANG_WARN_COMMA = YES;
				CLANG_WARN_CONSTANT_CONVERSION = YES;
				CLANG_WARN_DEPRECATED_OBJC_IMPLEMENTATIONS = YES;
				CLANG_WARN_DIRECT_OBJC_ISA_USAGE = YES_ERROR;
				CLANG_WARN_DOCUMENTATION_COMMENTS = YES;
				CLANG_WARN_EMPTY_BODY = YES;
				CLANG_WARN_ENUM_CONVERSION = YES;
				CLANG_WARN_INFINITE_RECURSION = YES;
				CLANG_WARN_INT_CONVERSION = YES;
				CLANG_WARN_NON_LITERAL_NULL_CONVERSION = YES;
				CLANG_WARN_OBJC_IMPLICIT_RETAIN_SELF = YES;
				CLANG_WARN_OBJC_LITERAL_CONVERSION = YES;
				CLANG_WARN_OBJC_ROOT_CLASS = YES_ERROR;
				CLANG_WARN_RANGE_LOOP_ANALYSIS = YES;
				CLANG_WARN_STRICT_PROTOTYPES = YES;
				CLANG_WARN_SUSPICIOUS_MOVE = YES;
				CLANG_WARN_UNGUARDED_AVAILABILITY = YES_AGGRESSIVE;
				CLANG_WARN_UNREACHABLE_CODE = YES;
				CLANG_WARN__DUPLICATE_METHOD_MATCH = YES;
				CODE_SIGN_IDENTITY = "iPhone Developer";
				COPY_PHASE_STRIP = NO;
				DEBUG_INFORMATION_FORMAT = "dwarf-with-dsym";
				ENABLE_NS_ASSERTIONS = NO;
				ENABLE_STRICT_OBJC_MSGSEND = YES;
				GCC_C_LANGUAGE_STANDARD = gnu11;
				GCC_NO_COMMON_BLOCKS = YES;
				GCC_WARN_64_TO_32_BIT_CONVERSION = YES;
				GCC_WARN_ABOUT_RETURN_TYPE = YES_ERROR;
				GCC_WARN_UNDECLARED_SELECTOR = YES;
				GCC_WARN_UNINITIALIZED_AUTOS = YES_AGGRESSIVE;
				GCC_WARN_UNUSED_FUNCTION = YES;
				GCC_WARN_UNUSED_VARIABLE = YES;
				IPHONEOS_DEPLOYMENT_TARGET = 11.4;
				MTL_ENABLE_DEBUG_INFO = NO;
				SDKROOT = iphoneos;
				SWIFT_COMPILATION_MODE = wholemodule;
				SWIFT_OPTIMIZATION_LEVEL = "-O";
				VALIDATE_PRODUCT = YES;
			};
			name = Release;
		};
		BFD0B2032174DDC2002B94D1 /* Debug */ = {
			isa = XCBuildConfiguration;
			baseConfigurationReference = 97DFE37831A87245F6D4C3AC /* Pods-IAMGROOT.debug.xcconfig */;
			buildSettings = {
				ASSETCATALOG_COMPILER_APPICON_NAME = AppIcon;
				CODE_SIGN_STYLE = Automatic;
				DEVELOPMENT_TEAM = Q3K639YNZS;
				INFOPLIST_FILE = IAMGROOT/Info.plist;
				LD_RUNPATH_SEARCH_PATHS = (
					"$(inherited)",
					"@executable_path/Frameworks",
				);
				PRODUCT_BUNDLE_IDENTIFIER = Y.IAMGROOT;
				PRODUCT_NAME = "$(TARGET_NAME)";
				SWIFT_VERSION = 4.2;
				TARGETED_DEVICE_FAMILY = "1,2";
			};
			name = Debug;
		};
		BFD0B2042174DDC2002B94D1 /* Release */ = {
			isa = XCBuildConfiguration;
			baseConfigurationReference = 450B95E1968B62644A6501F2 /* Pods-IAMGROOT.release.xcconfig */;
			buildSettings = {
				ASSETCATALOG_COMPILER_APPICON_NAME = AppIcon;
				CODE_SIGN_STYLE = Automatic;
				DEVELOPMENT_TEAM = Q3K639YNZS;
				INFOPLIST_FILE = IAMGROOT/Info.plist;
				LD_RUNPATH_SEARCH_PATHS = (
					"$(inherited)",
					"@executable_path/Frameworks",
				);
				PRODUCT_BUNDLE_IDENTIFIER = Y.IAMGROOT;
				PRODUCT_NAME = "$(TARGET_NAME)";
				SWIFT_VERSION = 4.2;
				TARGETED_DEVICE_FAMILY = "1,2";
			};
			name = Release;
		};
		BFD0B2062174DDC2002B94D1 /* Debug */ = {
			isa = XCBuildConfiguration;
			buildSettings = {
				ALWAYS_EMBED_SWIFT_STANDARD_LIBRARIES = YES;
				BUNDLE_LOADER = "$(TEST_HOST)";
				CODE_SIGN_STYLE = Automatic;
				DEVELOPMENT_TEAM = Q3K639YNZS;
				INFOPLIST_FILE = IAMGROOTTests/Info.plist;
				LD_RUNPATH_SEARCH_PATHS = (
					"$(inherited)",
					"@executable_path/Frameworks",
					"@loader_path/Frameworks",
				);
				PRODUCT_BUNDLE_IDENTIFIER = Y.IAMGROOTTests;
				PRODUCT_NAME = "$(TARGET_NAME)";
				SWIFT_VERSION = 4.2;
				TARGETED_DEVICE_FAMILY = "1,2";
				TEST_HOST = "$(BUILT_PRODUCTS_DIR)/IAMGROOT.app/IAMGROOT";
			};
			name = Debug;
		};
		BFD0B2072174DDC2002B94D1 /* Release */ = {
			isa = XCBuildConfiguration;
			buildSettings = {
				ALWAYS_EMBED_SWIFT_STANDARD_LIBRARIES = YES;
				BUNDLE_LOADER = "$(TEST_HOST)";
				CODE_SIGN_STYLE = Automatic;
				DEVELOPMENT_TEAM = Q3K639YNZS;
				INFOPLIST_FILE = IAMGROOTTests/Info.plist;
				LD_RUNPATH_SEARCH_PATHS = (
					"$(inherited)",
					"@executable_path/Frameworks",
					"@loader_path/Frameworks",
				);
				PRODUCT_BUNDLE_IDENTIFIER = Y.IAMGROOTTests;
				PRODUCT_NAME = "$(TARGET_NAME)";
				SWIFT_VERSION = 4.2;
				TARGETED_DEVICE_FAMILY = "1,2";
				TEST_HOST = "$(BUILT_PRODUCTS_DIR)/IAMGROOT.app/IAMGROOT";
			};
			name = Release;
		};
		BFD0B2092174DDC2002B94D1 /* Debug */ = {
			isa = XCBuildConfiguration;
			buildSettings = {
				ALWAYS_EMBED_SWIFT_STANDARD_LIBRARIES = YES;
				CODE_SIGN_STYLE = Automatic;
				DEVELOPMENT_TEAM = Q3K639YNZS;
				INFOPLIST_FILE = IAMGROOTUITests/Info.plist;
				LD_RUNPATH_SEARCH_PATHS = (
					"$(inherited)",
					"@executable_path/Frameworks",
					"@loader_path/Frameworks",
				);
				PRODUCT_BUNDLE_IDENTIFIER = Y.IAMGROOTUITests;
				PRODUCT_NAME = "$(TARGET_NAME)";
				SWIFT_VERSION = 4.2;
				TARGETED_DEVICE_FAMILY = "1,2";
				TEST_TARGET_NAME = IAMGROOT;
			};
			name = Debug;
		};
		BFD0B20A2174DDC2002B94D1 /* Release */ = {
			isa = XCBuildConfiguration;
			buildSettings = {
				ALWAYS_EMBED_SWIFT_STANDARD_LIBRARIES = YES;
				CODE_SIGN_STYLE = Automatic;
				DEVELOPMENT_TEAM = Q3K639YNZS;
				INFOPLIST_FILE = IAMGROOTUITests/Info.plist;
				LD_RUNPATH_SEARCH_PATHS = (
					"$(inherited)",
					"@executable_path/Frameworks",
					"@loader_path/Frameworks",
				);
				PRODUCT_BUNDLE_IDENTIFIER = Y.IAMGROOTUITests;
				PRODUCT_NAME = "$(TARGET_NAME)";
				SWIFT_VERSION = 4.2;
				TARGETED_DEVICE_FAMILY = "1,2";
				TEST_TARGET_NAME = IAMGROOT;
			};
			name = Release;
		};
/* End XCBuildConfiguration section */

/* Begin XCConfigurationList section */
		BFD0B1D22174DDBD002B94D1 /* Build configuration list for PBXProject "IAMGROOT" */ = {
			isa = XCConfigurationList;
			buildConfigurations = (
				BFD0B2002174DDC2002B94D1 /* Debug */,
				BFD0B2012174DDC2002B94D1 /* Release */,
			);
			defaultConfigurationIsVisible = 0;
			defaultConfigurationName = Release;
		};
		BFD0B2022174DDC2002B94D1 /* Build configuration list for PBXNativeTarget "IAMGROOT" */ = {
			isa = XCConfigurationList;
			buildConfigurations = (
				BFD0B2032174DDC2002B94D1 /* Debug */,
				BFD0B2042174DDC2002B94D1 /* Release */,
			);
			defaultConfigurationIsVisible = 0;
			defaultConfigurationName = Release;
		};
		BFD0B2052174DDC2002B94D1 /* Build configuration list for PBXNativeTarget "IAMGROOTTests" */ = {
			isa = XCConfigurationList;
			buildConfigurations = (
				BFD0B2062174DDC2002B94D1 /* Debug */,
				BFD0B2072174DDC2002B94D1 /* Release */,
			);
			defaultConfigurationIsVisible = 0;
			defaultConfigurationName = Release;
		};
		BFD0B2082174DDC2002B94D1 /* Build configuration list for PBXNativeTarget "IAMGROOTUITests" */ = {
			isa = XCConfigurationList;
			buildConfigurations = (
				BFD0B2092174DDC2002B94D1 /* Debug */,
				BFD0B20A2174DDC2002B94D1 /* Release */,
			);
			defaultConfigurationIsVisible = 0;
			defaultConfigurationName = Release;
		};
/* End XCConfigurationList section */

/* Begin XCVersionGroup section */
		BFD0B1E12174DDBE002B94D1 /* IAMGROOT.xcdatamodeld */ = {
			isa = XCVersionGroup;
			children = (
				BFD0B1E22174DDBE002B94D1 /* IAMGROOT.xcdatamodel */,
			);
			currentVersion = BFD0B1E22174DDBE002B94D1 /* IAMGROOT.xcdatamodel */;
			path = IAMGROOT.xcdatamodeld;
			sourceTree = "<group>";
			versionGroupType = wrapper.xcdatamodel;
		};
/* End XCVersionGroup section */
	};
	rootObject = BFD0B1CF2174DDBD002B94D1 /* Project object */;
}
