// !$*UTF8*$!
{
	archiveVersion = 1;
	classes = {
	};
	objectVersion = 50;
	objects = {

/* Begin PBXBuildFile section */
		139B5DDBFF756502E9D8051B /* Pods_IAMGROOT.framework in Frameworks */ = {isa = PBXBuildFile; fileRef = 6675C867C49AEE1A217A94D2 /* Pods_IAMGROOT.framework */; };
		BFD0B1DB2174DDBE002B94D1 /* AppDelegate.swift in Sources */ = {isa = PBXBuildFile; fileRef = BFD0B1DA2174DDBE002B94D1 /* AppDelegate.swift */; };
		BFD0B1DD2174DDBE002B94D1 /* ViewController.swift in Sources */ = {isa = PBXBuildFile; fileRef = BFD0B1DC2174DDBE002B94D1 /* ViewController.swift */; };
		BFD0B1E02174DDBE002B94D1 /* Main.storyboard in Resources */ = {isa = PBXBuildFile; fileRef = BFD0B1DE2174DDBE002B94D1 /* Main.storyboard */; };
		BFD0B1E32174DDBE002B94D1 /* IAMGROOT.xcdatamodeld in Sources */ = {isa = PBXBuildFile; fileRef = BFD0B1E12174DDBE002B94D1 /* IAMGROOT.xcdatamodeld */; };
		BFD0B1E52174DDC2002B94D1 /* Assets.xcassets in Resources */ = {isa = PBXBuildFile; fileRef = BFD0B1E42174DDC2002B94D1 /* Assets.xcassets */; };
		BFD0B1E82174DDC2002B94D1 /* LaunchScreen.storyboard in Resources */ = {isa = PBXBuildFile; fileRef = BFD0B1E62174DDC2002B94D1 /* LaunchScreen.storyboard */; };
		BFD0B1F32174DDC2002B94D1 /* IAMGROOTTests.swift in Sources */ = {isa = PBXBuildFile; fileRef = BFD0B1F22174DDC2002B94D1 /* IAMGROOTTests.swift */; };
		BFD0B1FE2174DDC2002B94D1 /* IAMGROOTUITests.swift in Sources */ = {isa = PBXBuildFile; fileRef = BFD0B1FD2174DDC2002B94D1 /* IAMGROOTUITests.swift */; };
		BFD0B20D21758C8E002B94D1 /* FBLoginConnectPageViewController.xib in Resources */ = {isa = PBXBuildFile; fileRef = BFD0B20C21758C8E002B94D1 /* FBLoginConnectPageViewController.xib */; };
		BFD0B20F21758E76002B94D1 /* FBLoginConnectPageViewController.swift in Sources */ = {isa = PBXBuildFile; fileRef = BFD0B20E21758E76002B94D1 /* FBLoginConnectPageViewController.swift */; };
		BFD0B2112175A736002B94D1 /* GoogleService-Info.plist in Resources */ = {isa = PBXBuildFile; fileRef = BFD0B2102175A736002B94D1 /* GoogleService-Info.plist */; };
		BFD0B2122175A736002B94D1 /* GoogleService-Info.plist in Resources */ = {isa = PBXBuildFile; fileRef = BFD0B2102175A736002B94D1 /* GoogleService-Info.plist */; };
		BFD0B2132175A736002B94D1 /* GoogleService-Info.plist in Resources */ = {isa = PBXBuildFile; fileRef = BFD0B2102175A736002B94D1 /* GoogleService-Info.plist */; };
		BFDD096D2175B0D3009728C0 /* FirebaseCore.framework in Frameworks */ = {isa = PBXBuildFile; fileRef = BFDD096C2175B0D3009728C0 /* FirebaseCore.framework */; };
		BFDD096F2175B0DC009728C0 /* FirebaseDatabase.framework in Frameworks */ = {isa = PBXBuildFile; fileRef = BFDD096E2175B0DC009728C0 /* FirebaseDatabase.framework */; };
/* End PBXBuildFile section */

/* Begin PBXContainerItemProxy section */
		BFD0B1EF2174DDC2002B94D1 /* PBXContainerItemProxy */ = {
			isa = PBXContainerItemProxy;
			containerPortal = BFD0B1CF2174DDBD002B94D1 /* Project object */;
			proxyType = 1;
			remoteGlobalIDString = BFD0B1D62174DDBD002B94D1;
			remoteInfo = IAMGROOT;
		};
		BFD0B1FA2174DDC2002B94D1 /* PBXContainerItemProxy */ = {
			isa = PBXContainerItemProxy;
			containerPortal = BFD0B1CF2174DDBD002B94D1 /* Project object */;
			proxyType = 1;
			remoteGlobalIDString = BFD0B1D62174DDBD002B94D1;
			remoteInfo = IAMGROOT;
		};
/* End PBXContainerItemProxy section */

/* Begin PBXFileReference section */
		450B95E1968B62644A6501F2 /* Pods-IAMGROOT.release.xcconfig */ = {isa = PBXFileReference; includeInIndex = 1; lastKnownFileType = text.xcconfig; name = "Pods-IAMGROOT.release.xcconfig"; path = "Pods/Target Support Files/Pods-IAMGROOT/Pods-IAMGROOT.release.xcconfig"; sourceTree = "<group>"; };
		6675C867C49AEE1A217A94D2 /* Pods_IAMGROOT.framework */ = {isa = PBXFileReference; explicitFileType = wrapper.framework; includeInIndex = 0; path = Pods_IAMGROOT.framework; sourceTree = BUILT_PRODUCTS_DIR; };
		97DFE37831A87245F6D4C3AC /* Pods-IAMGROOT.debug.xcconfig */ = {isa = PBXFileReference; includeInIndex = 1; lastKnownFileType = text.xcconfig; name = "Pods-IAMGROOT.debug.xcconfig"; path = "Pods/Target Support Files/Pods-IAMGROOT/Pods-IAMGROOT.debug.xcconfig"; sourceTree = "<group>"; };
		BFD0B1D72174DDBD002B94D1 /* IAMGROOT.app */ = {isa = PBXFileReference; explicitFileType = wrapper.application; includeInIndex = 0; path = IAMGROOT.app; sourceTree = BUILT_PRODUCTS_DIR; };
		BFD0B1DA2174DDBE002B94D1 /* AppDelegate.swift */ = {isa = PBXFileReference; lastKnownFileType = sourcecode.swift; path = AppDelegate.swift; sourceTree = "<group>"; };
		BFD0B1DC2174DDBE002B94D1 /* ViewController.swift */ = {isa = PBXFileReference; lastKnownFileType = sourcecode.swift; path = ViewController.swift; sourceTree = "<group>"; };
		BFD0B1DF2174DDBE002B94D1 /* Base */ = {isa = PBXFileReference; lastKnownFileType = file.storyboard; name = Base; path = Base.lproj/Main.storyboard; sourceTree = "<group>"; };
		BFD0B1E22174DDBE002B94D1 /* IAMGROOT.xcdatamodel */ = {isa = PBXFileReference; lastKnownFileType = wrapper.xcdatamodel; path = IAMGROOT.xcdatamodel; sourceTree = "<group>"; };
		BFD0B1E42174DDC2002B94D1 /* Assets.xcassets */ = {isa = PBXFileReference; lastKnownFileType = folder.assetcatalog; path = Assets.xcassets; sourceTree = "<group>"; };
		BFD0B1E72174DDC2002B94D1 /* Base */ = {isa = PBXFileReference; lastKnownFileType = file.storyboard; name = Base; path = Base.lproj/LaunchScreen.storyboard; sourceTree = "<group>"; };
		BFD0B1E92174DDC2002B94D1 /* Info.plist */ = {isa = PBXFileReference; lastKnownFileType = text.plist.xml; path = Info.plist; sourceTree = "<group>"; };
		BFD0B1EE2174DDC2002B94D1 /* IAMGROOTTests.xctest */ = {isa = PBXFileReference; explicitFileType = wrapper.cfbundle; includeInIndex = 0; path = IAMGROOTTests.xctest; sourceTree = BUILT_PRODUCTS_DIR; };
		BFD0B1F22174DDC2002B94D1 /* IAMGROOTTests.swift */ = {isa = PBXFileReference; lastKnownFileType = sourcecode.swift; path = IAMGROOTTests.swift; sourceTree = "<group>"; };
		BFD0B1F42174DDC2002B94D1 /* Info.plist */ = {isa = PBXFileReference; lastKnownFileType = text.plist.xml; path = Info.plist; sourceTree = "<group>"; };
		BFD0B1F92174DDC2002B94D1 /* IAMGROOTUITests.xctest */ = {isa = PBXFileReference; explicitFileType = wrapper.cfbundle; includeInIndex = 0; path = IAMGROOTUITests.xctest; sourceTree = BUILT_PRODUCTS_DIR; };
		BFD0B1FD2174DDC2002B94D1 /* IAMGROOTUITests.swift */ = {isa = PBXFileReference; lastKnownFileType = sourcecode.swift; path = IAMGROOTUITests.swift; sourceTree = "<group>"; };
		BFD0B1FF2174DDC2002B94D1 /* Info.plist */ = {isa = PBXFileReference; lastKnownFileType = text.plist.xml; path = Info.plist; sourceTree = "<group>"; };
		BFD0B20C21758C8E002B94D1 /* FBLoginConnectPageViewController.xib */ = {isa = PBXFileReference; lastKnownFileType = file.xib; path = FBLoginConnectPageViewController.xib; sourceTree = "<group>"; };
		BFD0B20E21758E76002B94D1 /* FBLoginConnectPageViewController.swift */ = {isa = PBXFileReference; lastKnownFileType = sourcecode.swift; path = FBLoginConnectPageViewController.swift; sourceTree = "<group>"; };
		BFD0B2102175A736002B94D1 /* GoogleService-Info.plist */ = {isa = PBXFileReference; fileEncoding = 4; lastKnownFileType = text.plist.xml; path = "GoogleService-Info.plist"; sourceTree = "<group>"; };
		BFDD096C2175B0D3009728C0 /* FirebaseCore.framework */ = {isa = PBXFileReference; explicitFileType = wrapper.framework; path = FirebaseCore.framework; sourceTree = BUILT_PRODUCTS_DIR; };
		BFDD096E2175B0DC009728C0 /* FirebaseDatabase.framework */ = {isa = PBXFileReference; explicitFileType = wrapper.framework; path = FirebaseDatabase.framework; sourceTree = BUILT_PRODUCTS_DIR; };
/* End PBXFileReference section */

/* Begin PBXFrameworksBuildPhase section */
		BFD0B1D42174DDBD002B94D1 /* Frameworks */ = {
			isa = PBXFrameworksBuildPhase;
			buildActionMask = 2147483647;
			files = (
				BFDD096F2175B0DC009728C0 /* FirebaseDatabase.framework in Frameworks */,
				BFDD096D2175B0D3009728C0 /* FirebaseCore.framework in Frameworks */,
				139B5DDBFF756502E9D8051B /* Pods_IAMGROOT.framework in Frameworks */,
			);
			runOnlyForDeploymentPostprocessing = 0;
		};
		BFD0B1EB2174DDC2002B94D1 /* Frameworks */ = {
			isa = PBXFrameworksBuildPhase;
			buildActionMask = 2147483647;
			files = (
			);
			runOnlyForDeploymentPostprocessing = 0;
		};
		BFD0B1F62174DDC2002B94D1 /* Frameworks */ = {
			isa = PBXFrameworksBuildPhase;
			buildActionMask = 2147483647;
			files = (
			);
			runOnlyForDeploymentPostprocessing = 0;
		};
/* End PBXFrameworksBuildPhase section */

/* Begin PBXGroup section */
		0AC564BA1A6D012A681EE1BA /* Pods */ = {
			isa = PBXGroup;
			children = (
				97DFE37831A87245F6D4C3AC /* Pods-IAMGROOT.debug.xcconfig */,
				450B95E1968B62644A6501F2 /* Pods-IAMGROOT.release.xcconfig */,
			);
			name = Pods;
			sourceTree = "<group>";
		};
		A59D5E24E5CF66713D819684 /* Frameworks */ = {
			isa = PBXGroup;
			children = (
				BFDD096E2175B0DC009728C0 /* FirebaseDatabase.framework */,
				BFDD096C2175B0D3009728C0 /* FirebaseCore.framework */,
				6675C867C49AEE1A217A94D2 /* Pods_IAMGROOT.framework */,
			);
			name = Frameworks;
			sourceTree = "<group>";
		};
		BFD0B1CE2174DDBD002B94D1 = {
			isa = PBXGroup;
			children = (
				BFD0B1D92174DDBD002B94D1 /* IAMGROOT */,
				BFD0B1F12174DDC2002B94D1 /* IAMGROOTTests */,
				BFD0B1FC2174DDC2002B94D1 /* IAMGROOTUITests */,
				BFD0B1D82174DDBD002B94D1 /* Products */,
				0AC564BA1A6D012A681EE1BA /* Pods */,
				A59D5E24E5CF66713D819684 /* Frameworks */,
			);
			sourceTree = "<group>";
		};
		BFD0B1D82174DDBD002B94D1 /* Products */ = {
			isa = PBXGroup;
			children = (
				BFD0B1D72174DDBD002B94D1 /* IAMGROOT.app */,
				BFD0B1EE2174DDC2002B94D1 /* IAMGROOTTests.xctest */,
				BFD0B1F92174DDC2002B94D1 /* IAMGROOTUITests.xctest */,
			);
			name = Products;
			sourceTree = "<group>";
		};
		BFD0B1D92174DDBD002B94D1 /* IAMGROOT */ = {
			isa = PBXGroup;
			children = (
				BFD0B2102175A736002B94D1 /* GoogleService-Info.plist */,
				BFD0B20B21758C3D002B94D1 /* FBLogin */,
				BFD0B1DA2174DDBE002B94D1 /* AppDelegate.swift */,
				BFD0B1DC2174DDBE002B94D1 /* ViewController.swift */,
				BFD0B1DE2174DDBE002B94D1 /* Main.storyboard */,
				BFD0B1E42174DDC2002B94D1 /* Assets.xcassets */,
				BFD0B1E62174DDC2002B94D1 /* LaunchScreen.storyboard */,
				BFD0B1E92174DDC2002B94D1 /* Info.plist */,
				BFD0B1E12174DDBE002B94D1 /* IAMGROOT.xcdatamodeld */,
			);
			path = IAMGROOT;
			sourceTree = "<group>";
		};
		BFD0B1F12174DDC2002B94D1 /* IAMGROOTTests */ = {
			isa = PBXGroup;
			children = (
				BFD0B1F22174DDC2002B94D1 /* IAMGROOTTests.swift */,
				BFD0B1F42174DDC2002B94D1 /* Info.plist */,
			);
			path = IAMGROOTTests;
			sourceTree = "<group>";
		};
		BFD0B1FC2174DDC2002B94D1 /* IAMGROOTUITests */ = {
			isa = PBXGroup;
			children = (
				BFD0B1FD2174DDC2002B94D1 /* IAMGROOTUITests.swift */,
				BFD0B1FF2174DDC2002B94D1 /* Info.plist */,
			);
			path = IAMGROOTUITests;
			sourceTree = "<group>";
		};
		BFD0B20B21758C3D002B94D1 /* FBLogin */ = {
			isa = PBXGroup;
			children = (
				BFD0B20C21758C8E002B94D1 /* FBLoginConnectPageViewController.xib */,
				BFD0B20E21758E76002B94D1 /* FBLoginConnectPageViewController.swift */,
			);
			path = FBLogin;
			sourceTree = "<group>";
		};
/* End PBXGroup section */

/* Begin PBXNativeTarget section */
		BFD0B1D62174DDBD002B94D1 /* IAMGROOT */ = {
			isa = PBXNativeTarget;
			buildConfigurationList = BFD0B2022174DDC2002B94D1 /* Build configuration list for PBXNativeTarget "IAMGROOT" */;
			buildPhases = (
				5F9A92EC73CAFB45217EFED7 /* [CP] Check Pods Manifest.lock */,
				BFD0B1D32174DDBD002B94D1 /* Sources */,
				BFD0B1D42174DDBD002B94D1 /* Frameworks */,
				BFD0B1D52174DDBD002B94D1 /* Resources */,
				1FCD3A4407C5150503523DA2 /* [CP] Embed Pods Frameworks */,
				112A15A86A08F58FD19133E6 /* [CP] Copy Pods Resources */,
			);
			buildRules = (
			);
			dependencies = (
			);
			name = IAMGROOT;
			productName = IAMGROOT;
			productReference = BFD0B1D72174DDBD002B94D1 /* IAMGROOT.app */;
			productType = "com.apple.product-type.application";
		};
		BFD0B1ED2174DDC2002B94D1 /* IAMGROOTTests */ = {
			isa = PBXNativeTarget;
			buildConfigurationList = BFD0B2052174DDC2002B94D1 /* Build configuration list for PBXNativeTarget "IAMGROOTTests" */;
			buildPhases = (
				BFD0B1EA2174DDC2002B94D1 /* Sources */,
				BFD0B1EB2174DDC2002B94D1 /* Frameworks */,
				BFD0B1EC2174DDC2002B94D1 /* Resources */,
			);
			buildRules = (
			);
			dependencies = (
				BFD0B1F02174DDC2002B94D1 /* PBXTargetDependency */,
			);
			name = IAMGROOTTests;
			productName = IAMGROOTTests;
			productReference = BFD0B1EE2174DDC2002B94D1 /* IAMGROOTTests.xctest */;
			productType = "com.apple.product-type.bundle.unit-test";
		};
		BFD0B1F82174DDC2002B94D1 /* IAMGROOTUITests */ = {
			isa = PBXNativeTarget;
			buildConfigurationList = BFD0B2082174DDC2002B94D1 /* Build configuration list for PBXNativeTarget "IAMGROOTUITests" */;
			buildPhases = (
				BFD0B1F52174DDC2002B94D1 /* Sources */,
				BFD0B1F62174DDC2002B94D1 /* Frameworks */,
				BFD0B1F72174DDC2002B94D1 /* Resources */,
			);
			buildRules = (
			);
			dependencies = (
				BFD0B1FB2174DDC2002B94D1 /* PBXTargetDependency */,
			);
			name = IAMGROOTUITests;
			productName = IAMGROOTUITests;
			productReference = BFD0B1F92174DDC2002B94D1 /* IAMGROOTUITests.xctest */;
			productType = "com.apple.product-type.bundle.ui-testing";
		};
/* End PBXNativeTarget section */

/* Begin PBXProject section */
		BFD0B1CF2174DDBD002B94D1 /* Project object */ = {
			isa = PBXProject;
			attributes = {
				LastSwiftUpdateCheck = 0940;
				LastUpgradeCheck = 0940;
				ORGANIZATIONNAME = "김지영";
				TargetAttributes = {
					BFD0B1D62174DDBD002B94D1 = {
						CreatedOnToolsVersion = 9.4.1;
					};
					BFD0B1ED2174DDC2002B94D1 = {
						CreatedOnToolsVersion = 9.4.1;
						TestTargetID = BFD0B1D62174DDBD002B94D1;
					};
					BFD0B1F82174DDC2002B94D1 = {
						CreatedOnToolsVersion = 9.4.1;
						TestTargetID = BFD0B1D62174DDBD002B94D1;
					};
				};
			};
			buildConfigurationList = BFD0B1D22174DDBD002B94D1 /* Build configuration list for PBXProject "IAMGROOT" */;
			compatibilityVersion = "Xcode 9.3";
			developmentRegion = en;
			hasScannedForEncodings = 0;
			knownRegions = (
				en,
				Base,
			);
			mainGroup = BFD0B1CE2174DDBD002B94D1;
			productRefGroup = BFD0B1D82174DDBD002B94D1 /* Products */;
			projectDirPath = "";
			projectRoot = "";
			targets = (
				BFD0B1D62174DDBD002B94D1 /* IAMGROOT */,
				BFD0B1ED2174DDC2002B94D1 /* IAMGROOTTests */,
				BFD0B1F82174DDC2002B94D1 /* IAMGROOTUITests */,
			);
		};
/* End PBXProject section */

/* Begin PBXResourcesBuildPhase section */
		BFD0B1D52174DDBD002B94D1 /* Resources */ = {
			isa = PBXResourcesBuildPhase;
			buildActionMask = 2147483647;
			files = (
				BFD0B1E82174DDC2002B94D1 /* LaunchScreen.storyboard in Resources */,
				BFD0B1E52174DDC2002B94D1 /* Assets.xcassets in Resources */,
				BFD0B2112175A736002B94D1 /* GoogleService-Info.plist in Resources */,
				BFD0B1E02174DDBE002B94D1 /* Main.storyboard in Resources */,
				BFD0B20D21758C8E002B94D1 /* FBLoginConnectPageViewController.xib in Resources */,
			);
			runOnlyForDeploymentPostprocessing = 0;
		};
		BFD0B1EC2174DDC2002B94D1 /* Resources */ = {
			isa = PBXResourcesBuildPhase;
			buildActionMask = 2147483647;
			files = (
				BFD0B2122175A736002B94D1 /* GoogleService-Info.plist in Resources */,
			);
			runOnlyForDeploymentPostprocessing = 0;
		};
		BFD0B1F72174DDC2002B94D1 /* Resources */ = {
			isa = PBXResourcesBuildPhase;
			buildActionMask = 2147483647;
			files = (
				BFD0B2132175A736002B94D1 /* GoogleService-Info.plist in Resources */,
			);
			runOnlyForDeploymentPostprocessing = 0;
		};
/* End PBXResourcesBuildPhase section */

/* Begin PBXShellScriptBuildPhase section */
		112A15A86A08F58FD19133E6 /* [CP] Copy Pods Resources */ = {
			isa = PBXShellScriptBuildPhase;
			buildActionMask = 2147483647;
			files = (
			);
			inputPaths = (
				"${SRCROOT}/Pods/Target Support Files/Pods-IAMGROOT/Pods-IAMGROOT-resources.sh",
				"${PODS_CONFIGURATION_BUILD_DIR}/FirebaseUI/FirebaseAnonymousAuthUI.bundle",
				"${PODS_CONFIGURATION_BUILD_DIR}/FirebaseUI/FirebaseAuthUI.bundle",
				"${PODS_CONFIGURATION_BUILD_DIR}/FirebaseUI/FirebaseFacebookAuthUI.bundle",
				"${PODS_CONFIGURATION_BUILD_DIR}/FirebaseUI/FirebaseGoogleAuthUI.bundle",
				"${PODS_CONFIGURATION_BUILD_DIR}/FirebaseUI/FirebasePhoneAuthUI.bundle",
				"${PODS_CONFIGURATION_BUILD_DIR}/FirebaseUI/FirebaseTwitterAuthUI.bundle",
				"${PODS_ROOT}/GoogleSignIn/Resources/GoogleSignIn.bundle",
				"${PODS_ROOT}/TwitterKit/iOS/TwitterKit.framework/TwitterKitResources.bundle",
			);
			name = "[CP] Copy Pods Resources";
			outputPaths = (
				"${TARGET_BUILD_DIR}/${UNLOCALIZED_RESOURCES_FOLDER_PATH}/FirebaseAnonymousAuthUI.bundle",
				"${TARGET_BUILD_DIR}/${UNLOCALIZED_RESOURCES_FOLDER_PATH}/FirebaseAuthUI.bundle",
				"${TARGET_BUILD_DIR}/${UNLOCALIZED_RESOURCES_FOLDER_PATH}/FirebaseFacebookAuthUI.bundle",
				"${TARGET_BUILD_DIR}/${UNLOCALIZED_RESOURCES_FOLDER_PATH}/FirebaseGoogleAuthUI.bundle",
				"${TARGET_BUILD_DIR}/${UNLOCALIZED_RESOURCES_FOLDER_PATH}/FirebasePhoneAuthUI.bundle",
				"${TARGET_BUILD_DIR}/${UNLOCALIZED_RESOURCES_FOLDER_PATH}/FirebaseTwitterAuthUI.bundle",
				"${TARGET_BUILD_DIR}/${UNLOCALIZED_RESOURCES_FOLDER_PATH}/GoogleSignIn.bundle",
				"${TARGET_BUILD_DIR}/${UNLOCALIZED_RESOURCES_FOLDER_PATH}/TwitterKitResources.bundle",
			);
			runOnlyForDeploymentPostprocessing = 0;
			shellPath = /bin/sh;
			shellScript = "\"${SRCROOT}/Pods/Target Support Files/Pods-IAMGROOT/Pods-IAMGROOT-resources.sh\"\n";
			showEnvVarsInLog = 0;
		};
		1FCD3A4407C5150503523DA2 /* [CP] Embed Pods Frameworks */ = {
			isa = PBXShellScriptBuildPhase;
			buildActionMask = 2147483647;
			files = (
			);
			inputPaths = (
				"${SRCROOT}/Pods/Target Support Files/Pods-IAMGROOT/Pods-IAMGROOT-frameworks.sh",
				"${BUILT_PRODUCTS_DIR}/Bolts/Bolts.framework",
				"${BUILT_PRODUCTS_DIR}/BoringSSL/openssl.framework",
				"${BUILT_PRODUCTS_DIR}/FBSDKCoreKit/FBSDKCoreKit.framework",
				"${BUILT_PRODUCTS_DIR}/FBSDKLoginKit/FBSDKLoginKit.framework",
				"${BUILT_PRODUCTS_DIR}/GTMOAuth2/GTMOAuth2.framework",
				"${BUILT_PRODUCTS_DIR}/GTMSessionFetcher/GTMSessionFetcher.framework",
				"${BUILT_PRODUCTS_DIR}/GoogleToolboxForMac/GoogleToolboxForMac.framework",
				"${BUILT_PRODUCTS_DIR}/GoogleUtilities/GoogleUtilities.framework",
				"${BUILT_PRODUCTS_DIR}/Protobuf/Protobuf.framework",
				"${BUILT_PRODUCTS_DIR}/SDWebImage/SDWebImage.framework",
				"${PODS_ROOT}/TwitterCore/iOS/TwitterCore.framework",
				"${PODS_ROOT}/TwitterKit/iOS/TwitterKit.framework",
				"${BUILT_PRODUCTS_DIR}/gRPC/GRPCClient.framework",
				"${BUILT_PRODUCTS_DIR}/gRPC-C++/grpcpp.framework",
				"${BUILT_PRODUCTS_DIR}/gRPC-Core/grpc.framework",
				"${BUILT_PRODUCTS_DIR}/gRPC-ProtoRPC/ProtoRPC.framework",
				"${BUILT_PRODUCTS_DIR}/gRPC-RxLibrary/RxLibrary.framework",
				"${BUILT_PRODUCTS_DIR}/leveldb-library/leveldb.framework",
				"${BUILT_PRODUCTS_DIR}/nanopb/nanopb.framework",
			);
			name = "[CP] Embed Pods Frameworks";
			outputPaths = (
				"${TARGET_BUILD_DIR}/${FRAMEWORKS_FOLDER_PATH}/Bolts.framework",
				"${TARGET_BUILD_DIR}/${FRAMEWORKS_FOLDER_PATH}/openssl.framework",
				"${TARGET_BUILD_DIR}/${FRAMEWORKS_FOLDER_PATH}/FBSDKCoreKit.framework",
				"${TARGET_BUILD_DIR}/${FRAMEWORKS_FOLDER_PATH}/FBSDKLoginKit.framework",
				"${TARGET_BUILD_DIR}/${FRAMEWORKS_FOLDER_PATH}/GTMOAuth2.framework",
				"${TARGET_BUILD_DIR}/${FRAMEWORKS_FOLDER_PATH}/GTMSessionFetcher.framework",
				"${TARGET_BUILD_DIR}/${FRAMEWORKS_FOLDER_PATH}/GoogleToolboxForMac.framework",
				"${TARGET_BUILD_DIR}/${FRAMEWORKS_FOLDER_PATH}/GoogleUtilities.framework",
				"${TARGET_BUILD_DIR}/${FRAMEWORKS_FOLDER_PATH}/Protobuf.framework",
				"${TARGET_BUILD_DIR}/${FRAMEWORKS_FOLDER_PATH}/SDWebImage.framework",
				"${TARGET_BUILD_DIR}/${FRAMEWORKS_FOLDER_PATH}/TwitterCore.framework",
				"${TARGET_BUILD_DIR}/${FRAMEWORKS_FOLDER_PATH}/TwitterKit.framework",
				"${TARGET_BUILD_DIR}/${FRAMEWORKS_FOLDER_PATH}/GRPCClient.framework",
				"${TARGET_BUILD_DIR}/${FRAMEWORKS_FOLDER_PATH}/grpcpp.framework",
				"${TARGET_BUILD_DIR}/${FRAMEWORKS_FOLDER_PATH}/grpc.framework",
				"${TARGET_BUILD_DIR}/${FRAMEWORKS_FOLDER_PATH}/ProtoRPC.framework",
				"${TARGET_BUILD_DIR}/${FRAMEWORKS_FOLDER_PATH}/RxLibrary.framework",
				"${TARGET_BUILD_DIR}/${FRAMEWORKS_FOLDER_PATH}/leveldb.framework",
				"${TARGET_BUILD_DIR}/${FRAMEWORKS_FOLDER_PATH}/nanopb.framework",
			);
			runOnlyForDeploymentPostprocessing = 0;
			shellPath = /bin/sh;
			shellScript = "\"${SRCROOT}/Pods/Target Support Files/Pods-IAMGROOT/Pods-IAMGROOT-frameworks.sh\"\n";
			showEnvVarsInLog = 0;
		};
		5F9A92EC73CAFB45217EFED7 /* [CP] Check Pods Manifest.lock */ = {
			isa = PBXShellScriptBuildPhase;
			buildActionMask = 2147483647;
			files = (
			);
			inputPaths = (
				"${PODS_PODFILE_DIR_PATH}/Podfile.lock",
				"${PODS_ROOT}/Manifest.lock",
			);
			name = "[CP] Check Pods Manifest.lock";
			outputPaths = (
				"$(DERIVED_FILE_DIR)/Pods-IAMGROOT-checkManifestLockResult.txt",
			);
			runOnlyForDeploymentPostprocessing = 0;
			shellPath = /bin/sh;
			shellScript = "diff \"${PODS_PODFILE_DIR_PATH}/Podfile.lock\" \"${PODS_ROOT}/Manifest.lock\" > /dev/null\nif [ $? != 0 ] ; then\n    # print error to STDERR\n    echo \"error: The sandbox is not in sync with the Podfile.lock. Run 'pod install' or update your CocoaPods installation.\" >&2\n    exit 1\nfi\n# This output is used by Xcode 'outputs' to avoid re-running this script phase.\necho \"SUCCESS\" > \"${SCRIPT_OUTPUT_FILE_0}\"\n";
			showEnvVarsInLog = 0;
		};
/* End PBXShellScriptBuildPhase section */

/* Begin PBXSourcesBuildPhase section */
		BFD0B1D32174DDBD002B94D1 /* Sources */ = {
			isa = PBXSourcesBuildPhase;
			buildActionMask = 2147483647;
			files = (
				BFD0B20F21758E76002B94D1 /* FBLoginConnectPageViewController.swift in Sources */,
				BFD0B1E32174DDBE002B94D1 /* IAMGROOT.xcdatamodeld in Sources */,
				BFD0B1DD2174DDBE002B94D1 /* ViewController.swift in Sources */,
				BFD0B1DB2174DDBE002B94D1 /* AppDelegate.swift in Sources */,
			);
			runOnlyForDeploymentPostprocessing = 0;
		};
		BFD0B1EA2174DDC2002B94D1 /* Sources */ = {
			isa = PBXSourcesBuildPhase;
			buildActionMask = 2147483647;
			files = (
				BFD0B1F32174DDC2002B94D1 /* IAMGROOTTests.swift in Sources */,
			);
			runOnlyForDeploymentPostprocessing = 0;
		};
		BFD0B1F52174DDC2002B94D1 /* Sources */ = {
			isa = PBXSourcesBuildPhase;
			buildActionMask = 2147483647;
			files = (
				BFD0B1FE2174DDC2002B94D1 /* IAMGROOTUITests.swift in Sources */,
			);
			runOnlyForDeploymentPostprocessing = 0;
		};
/* End PBXSourcesBuildPhase section */

/* Begin PBXTargetDependency section */
		BFD0B1F02174DDC2002B94D1 /* PBXTargetDependency */ = {
			isa = PBXTargetDependency;
			target = BFD0B1D62174DDBD002B94D1 /* IAMGROOT */;
			targetProxy = BFD0B1EF2174DDC2002B94D1 /* PBXContainerItemProxy */;
		};
		BFD0B1FB2174DDC2002B94D1 /* PBXTargetDependency */ = {
			isa = PBXTargetDependency;
			target = BFD0B1D62174DDBD002B94D1 /* IAMGROOT */;
			targetProxy = BFD0B1FA2174DDC2002B94D1 /* PBXContainerItemProxy */;
		};
/* End PBXTargetDependency section */

/* Begin PBXVariantGroup section */
		BFD0B1DE2174DDBE002B94D1 /* Main.storyboard */ = {
			isa = PBXVariantGroup;
			children = (
				BFD0B1DF2174DDBE002B94D1 /* Base */,
			);
			name = Main.storyboard;
			sourceTree = "<group>";
		};
		BFD0B1E62174DDC2002B94D1 /* LaunchScreen.storyboard */ = {
			isa = PBXVariantGroup;
			children = (
				BFD0B1E72174DDC2002B94D1 /* Base */,
			);
			name = LaunchScreen.storyboard;
			sourceTree = "<group>";
		};
/* End PBXVariantGroup section */

/* Begin XCBuildConfiguration section */
		BFD0B2002174DDC2002B94D1 /* Debug */ = {
			isa = XCBuildConfiguration;
			buildSettings = {
				ALWAYS_SEARCH_USER_PATHS = NO;
				CLANG_ANALYZER_NONNULL = YES;
				CLANG_ANALYZER_NUMBER_OBJECT_CONVERSION = YES_AGGRESSIVE;
				CLANG_CXX_LANGUAGE_STANDARD = "gnu++14";
				CLANG_CXX_LIBRARY = "libc++";
				CLANG_ENABLE_MODULES = YES;
				CLANG_ENABLE_OBJC_ARC = YES;
				CLANG_ENABLE_OBJC_WEAK = YES;
				CLANG_WARN_BLOCK_CAPTURE_AUTORELEASING = YES;
				CLANG_WARN_BOOL_CONVERSION = YES;
				CLANG_WARN_COMMA = YES;
				CLANG_WARN_CONSTANT_CONVERSION = YES;
				CLANG_WARN_DEPRECATED_OBJC_IMPLEMENTATIONS = YES;
				CLANG_WARN_DIRECT_OBJC_ISA_USAGE = YES_ERROR;
				CLANG_WARN_DOCUMENTATION_COMMENTS = YES;
				CLANG_WARN_EMPTY_BODY = YES;
				CLANG_WARN_ENUM_CONVERSION = YES;
				CLANG_WARN_INFINITE_RECURSION = YES;
				CLANG_WARN_INT_CONVERSION = YES;
				CLANG_WARN_NON_LITERAL_NULL_CONVERSION = YES;
				CLANG_WARN_OBJC_IMPLICIT_RETAIN_SELF = YES;
				CLANG_WARN_OBJC_LITERAL_CONVERSION = YES;
				CLANG_WARN_OBJC_ROOT_CLASS = YES_ERROR;
				CLANG_WARN_RANGE_LOOP_ANALYSIS = YES;
				CLANG_WARN_STRICT_PROTOTYPES = YES;
				CLANG_WARN_SUSPICIOUS_MOVE = YES;
				CLANG_WARN_UNGUARDED_AVAILABILITY = YES_AGGRESSIVE;
				CLANG_WARN_UNREACHABLE_CODE = YES;
				CLANG_WARN__DUPLICATE_METHOD_MATCH = YES;
				CODE_SIGN_IDENTITY = "iPhone Developer";
				COPY_PHASE_STRIP = NO;
				DEBUG_INFORMATION_FORMAT = dwarf;
				ENABLE_STRICT_OBJC_MSGSEND = YES;
				ENABLE_TESTABILITY = YES;
				GCC_C_LANGUAGE_STANDARD = gnu11;
				GCC_DYNAMIC_NO_PIC = NO;
				GCC_NO_COMMON_BLOCKS = YES;
				GCC_OPTIMIZATION_LEVEL = 0;
				GCC_PREPROCESSOR_DEFINITIONS = (
					"DEBUG=1",
					"$(inherited)",
				);
				GCC_WARN_64_TO_32_BIT_CONVERSION = YES;
				GCC_WARN_ABOUT_RETURN_TYPE = YES_ERROR;
				GCC_WARN_UNDECLARED_SELECTOR = YES;
				GCC_WARN_UNINITIALIZED_AUTOS = YES_AGGRESSIVE;
				GCC_WARN_UNUSED_FUNCTION = YES;
				GCC_WARN_UNUSED_VARIABLE = YES;
				IPHONEOS_DEPLOYMENT_TARGET = 11.4;
				MTL_ENABLE_DEBUG_INFO = YES;
				ONLY_ACTIVE_ARCH = YES;
				SDKROOT = iphoneos;
				SWIFT_ACTIVE_COMPILATION_CONDITIONS = DEBUG;
				SWIFT_OPTIMIZATION_LEVEL = "-Onone";
			};
			name = Debug;
		};
		BFD0B2012174DDC2002B94D1 /* Release */ = {
			isa = XCBuildConfiguration;
			buildSettings = {
				ALWAYS_SEARCH_USER_PATHS = NO;
				CLANG_ANALYZER_NONNULL = YES;
				CLANG_ANALYZER_NUMBER_OBJECT_CONVERSION = YES_AGGRESSIVE;
				CLANG_CXX_LANGUAGE_STANDARD = "gnu++14";
				CLANG_CXX_LIBRARY = "libc++";
				CLANG_ENABLE_MODULES = YES;
				CLANG_ENABLE_OBJC_ARC = YES;
				CLANG_ENABLE_OBJC_WEAK = YES;
				CLANG_WARN_BLOCK_CAPTURE_AUTORELEASING = YES;
				CLANG_WARN_BOOL_CONVERSION = YES;
				CLANG_WARN_COMMA = YES;
				CLANG_WARN_CONSTANT_CONVERSION = YES;
				CLANG_WARN_DEPRECATED_OBJC_IMPLEMENTATIONS = YES;
				CLANG_WARN_DIRECT_OBJC_ISA_USAGE = YES_ERROR;
				CLANG_WARN_DOCUMENTATION_COMMENTS = YES;
				CLANG_WARN_EMPTY_BODY = YES;
				CLANG_WARN_ENUM_CONVERSION = YES;
				CLANG_WARN_INFINITE_RECURSION = YES;
				CLANG_WARN_INT_CONVERSION = YES;
				CLANG_WARN_NON_LITERAL_NULL_CONVERSION = YES;
				CLANG_WARN_OBJC_IMPLICIT_RETAIN_SELF = YES;
				CLANG_WARN_OBJC_LITERAL_CONVERSION = YES;
				CLANG_WARN_OBJC_ROOT_CLASS = YES_ERROR;
				CLANG_WARN_RANGE_LOOP_ANALYSIS = YES;
				CLANG_WARN_STRICT_PROTOTYPES = YES;
				CLANG_WARN_SUSPICIOUS_MOVE = YES;
				CLANG_WARN_UNGUARDED_AVAILABILITY = YES_AGGRESSIVE;
				CLANG_WARN_UNREACHABLE_CODE = YES;
				CLANG_WARN__DUPLICATE_METHOD_MATCH = YES;
				CODE_SIGN_IDENTITY = "iPhone Developer";
				COPY_PHASE_STRIP = NO;
				DEBUG_INFORMATION_FORMAT = "dwarf-with-dsym";
				ENABLE_NS_ASSERTIONS = NO;
				ENABLE_STRICT_OBJC_MSGSEND = YES;
				GCC_C_LANGUAGE_STANDARD = gnu11;
				GCC_NO_COMMON_BLOCKS = YES;
				GCC_WARN_64_TO_32_BIT_CONVERSION = YES;
				GCC_WARN_ABOUT_RETURN_TYPE = YES_ERROR;
				GCC_WARN_UNDECLARED_SELECTOR = YES;
				GCC_WARN_UNINITIALIZED_AUTOS = YES_AGGRESSIVE;
				GCC_WARN_UNUSED_FUNCTION = YES;
				GCC_WARN_UNUSED_VARIABLE = YES;
				IPHONEOS_DEPLOYMENT_TARGET = 11.4;
				MTL_ENABLE_DEBUG_INFO = NO;
				SDKROOT = iphoneos;
				SWIFT_COMPILATION_MODE = wholemodule;
				SWIFT_OPTIMIZATION_LEVEL = "-O";
				VALIDATE_PRODUCT = YES;
			};
			name = Release;
		};
		BFD0B2032174DDC2002B94D1 /* Debug */ = {
			isa = XCBuildConfiguration;
			baseConfigurationReference = 97DFE37831A87245F6D4C3AC /* Pods-IAMGROOT.debug.xcconfig */;
			buildSettings = {
				ASSETCATALOG_COMPILER_APPICON_NAME = AppIcon;
				CODE_SIGN_STYLE = Automatic;
				DEVELOPMENT_TEAM = Q3K639YNZS;
				INFOPLIST_FILE = IAMGROOT/Info.plist;
				LD_RUNPATH_SEARCH_PATHS = (
					"$(inherited)",
					"@executable_path/Frameworks",
				);
				PRODUCT_BUNDLE_IDENTIFIER = Y.IAMGROOT;
				PRODUCT_NAME = "$(TARGET_NAME)";
				SWIFT_VERSION = 4.0;
				TARGETED_DEVICE_FAMILY = "1,2";
			};
			name = Debug;
		};
		BFD0B2042174DDC2002B94D1 /* Release */ = {
			isa = XCBuildConfiguration;
			baseConfigurationReference = 450B95E1968B62644A6501F2 /* Pods-IAMGROOT.release.xcconfig */;
			buildSettings = {
				ASSETCATALOG_COMPILER_APPICON_NAME = AppIcon;
				CODE_SIGN_STYLE = Automatic;
				DEVELOPMENT_TEAM = Q3K639YNZS;
				INFOPLIST_FILE = IAMGROOT/Info.plist;
				LD_RUNPATH_SEARCH_PATHS = (
					"$(inherited)",
					"@executable_path/Frameworks",
				);
				PRODUCT_BUNDLE_IDENTIFIER = Y.IAMGROOT;
				PRODUCT_NAME = "$(TARGET_NAME)";
				SWIFT_VERSION = 4.0;
				TARGETED_DEVICE_FAMILY = "1,2";
			};
			name = Release;
		};
		BFD0B2062174DDC2002B94D1 /* Debug */ = {
			isa = XCBuildConfiguration;
			buildSettings = {
				ALWAYS_EMBED_SWIFT_STANDARD_LIBRARIES = YES;
				BUNDLE_LOADER = "$(TEST_HOST)";
				CODE_SIGN_STYLE = Automatic;
				DEVELOPMENT_TEAM = Q3K639YNZS;
				INFOPLIST_FILE = IAMGROOTTests/Info.plist;
				LD_RUNPATH_SEARCH_PATHS = (
					"$(inherited)",
					"@executable_path/Frameworks",
					"@loader_path/Frameworks",
				);
				PRODUCT_BUNDLE_IDENTIFIER = Y.IAMGROOTTests;
				PRODUCT_NAME = "$(TARGET_NAME)";
				SWIFT_VERSION = 4.0;
				TARGETED_DEVICE_FAMILY = "1,2";
				TEST_HOST = "$(BUILT_PRODUCTS_DIR)/IAMGROOT.app/IAMGROOT";
			};
			name = Debug;
		};
		BFD0B2072174DDC2002B94D1 /* Release */ = {
			isa = XCBuildConfiguration;
			buildSettings = {
				ALWAYS_EMBED_SWIFT_STANDARD_LIBRARIES = YES;
				BUNDLE_LOADER = "$(TEST_HOST)";
				CODE_SIGN_STYLE = Automatic;
				DEVELOPMENT_TEAM = Q3K639YNZS;
				INFOPLIST_FILE = IAMGROOTTests/Info.plist;
				LD_RUNPATH_SEARCH_PATHS = (
					"$(inherited)",
					"@executable_path/Frameworks",
					"@loader_path/Frameworks",
				);
				PRODUCT_BUNDLE_IDENTIFIER = Y.IAMGROOTTests;
				PRODUCT_NAME = "$(TARGET_NAME)";
				SWIFT_VERSION = 4.0;
				TARGETED_DEVICE_FAMILY = "1,2";
				TEST_HOST = "$(BUILT_PRODUCTS_DIR)/IAMGROOT.app/IAMGROOT";
			};
			name = Release;
		};
		BFD0B2092174DDC2002B94D1 /* Debug */ = {
			isa = XCBuildConfiguration;
			buildSettings = {
				ALWAYS_EMBED_SWIFT_STANDARD_LIBRARIES = YES;
				CODE_SIGN_STYLE = Automatic;
				DEVELOPMENT_TEAM = Q3K639YNZS;
				INFOPLIST_FILE = IAMGROOTUITests/Info.plist;
				LD_RUNPATH_SEARCH_PATHS = (
					"$(inherited)",
					"@executable_path/Frameworks",
					"@loader_path/Frameworks",
				);
				PRODUCT_BUNDLE_IDENTIFIER = Y.IAMGROOTUITests;
				PRODUCT_NAME = "$(TARGET_NAME)";
				SWIFT_VERSION = 4.0;
				TARGETED_DEVICE_FAMILY = "1,2";
				TEST_TARGET_NAME = IAMGROOT;
			};
			name = Debug;
		};
		BFD0B20A2174DDC2002B94D1 /* Release */ = {
			isa = XCBuildConfiguration;
			buildSettings = {
				ALWAYS_EMBED_SWIFT_STANDARD_LIBRARIES = YES;
				CODE_SIGN_STYLE = Automatic;
				DEVELOPMENT_TEAM = Q3K639YNZS;
				INFOPLIST_FILE = IAMGROOTUITests/Info.plist;
				LD_RUNPATH_SEARCH_PATHS = (
					"$(inherited)",
					"@executable_path/Frameworks",
					"@loader_path/Frameworks",
				);
				PRODUCT_BUNDLE_IDENTIFIER = Y.IAMGROOTUITests;
				PRODUCT_NAME = "$(TARGET_NAME)";
				SWIFT_VERSION = 4.0;
				TARGETED_DEVICE_FAMILY = "1,2";
				TEST_TARGET_NAME = IAMGROOT;
			};
			name = Release;
		};
/* End XCBuildConfiguration section */

/* Begin XCConfigurationList section */
		BFD0B1D22174DDBD002B94D1 /* Build configuration list for PBXProject "IAMGROOT" */ = {
			isa = XCConfigurationList;
			buildConfigurations = (
				BFD0B2002174DDC2002B94D1 /* Debug */,
				BFD0B2012174DDC2002B94D1 /* Release */,
			);
			defaultConfigurationIsVisible = 0;
			defaultConfigurationName = Release;
		};
		BFD0B2022174DDC2002B94D1 /* Build configuration list for PBXNativeTarget "IAMGROOT" */ = {
			isa = XCConfigurationList;
			buildConfigurations = (
				BFD0B2032174DDC2002B94D1 /* Debug */,
				BFD0B2042174DDC2002B94D1 /* Release */,
			);
			defaultConfigurationIsVisible = 0;
			defaultConfigurationName = Release;
		};
		BFD0B2052174DDC2002B94D1 /* Build configuration list for PBXNativeTarget "IAMGROOTTests" */ = {
			isa = XCConfigurationList;
			buildConfigurations = (
				BFD0B2062174DDC2002B94D1 /* Debug */,
				BFD0B2072174DDC2002B94D1 /* Release */,
			);
			defaultConfigurationIsVisible = 0;
			defaultConfigurationName = Release;
		};
		BFD0B2082174DDC2002B94D1 /* Build configuration list for PBXNativeTarget "IAMGROOTUITests" */ = {
			isa = XCConfigurationList;
			buildConfigurations = (
				BFD0B2092174DDC2002B94D1 /* Debug */,
				BFD0B20A2174DDC2002B94D1 /* Release */,
			);
			defaultConfigurationIsVisible = 0;
			defaultConfigurationName = Release;
		};
/* End XCConfigurationList section */

/* Begin XCVersionGroup section */
		BFD0B1E12174DDBE002B94D1 /* IAMGROOT.xcdatamodeld */ = {
			isa = XCVersionGroup;
			children = (
				BFD0B1E22174DDBE002B94D1 /* IAMGROOT.xcdatamodel */,
			);
			currentVersion = BFD0B1E22174DDBE002B94D1 /* IAMGROOT.xcdatamodel */;
			path = IAMGROOT.xcdatamodeld;
			sourceTree = "<group>";
			versionGroupType = wrapper.xcdatamodel;
		};
/* End XCVersionGroup section */
	};
	rootObject = BFD0B1CF2174DDBD002B94D1 /* Project object */;
}
